// !$*UTF8*$!
{
	archiveVersion = 1;
	classes = {
	};
	objectVersion = 46;
	objects = {

/* Begin PBXBuildFile section */
		78A520DA1C3DB12200D8F8A5 /* DrawLineViewController.m in Sources */ = {isa = PBXBuildFile; fileRef = 78A520D81C3DB12200D8F8A5 /* DrawLineViewController.m */; };
		78A520DB1C3DB12200D8F8A5 /* DrawLineViewController.xib in Resources */ = {isa = PBXBuildFile; fileRef = 78A520D91C3DB12200D8F8A5 /* DrawLineViewController.xib */; };
		78A520DE1C3DB4DE00D8F8A5 /* DramVIew.m in Sources */ = {isa = PBXBuildFile; fileRef = 78A520DD1C3DB4DE00D8F8A5 /* DramVIew.m */; };
		78A520F71C3DB52600D8F8A5 /* MASCompositeConstraint.m in Sources */ = {isa = PBXBuildFile; fileRef = 78A520E11C3DB52600D8F8A5 /* MASCompositeConstraint.m */; };
		78A520F81C3DB52600D8F8A5 /* MASConstraint.m in Sources */ = {isa = PBXBuildFile; fileRef = 78A520E41C3DB52600D8F8A5 /* MASConstraint.m */; };
		78A520F91C3DB52600D8F8A5 /* MASConstraintMaker.m in Sources */ = {isa = PBXBuildFile; fileRef = 78A520E61C3DB52600D8F8A5 /* MASConstraintMaker.m */; };
		78A520FA1C3DB52600D8F8A5 /* MASLayoutConstraint.m in Sources */ = {isa = PBXBuildFile; fileRef = 78A520E81C3DB52600D8F8A5 /* MASLayoutConstraint.m */; };
		78A520FB1C3DB52600D8F8A5 /* MASViewAttribute.m in Sources */ = {isa = PBXBuildFile; fileRef = 78A520EC1C3DB52600D8F8A5 /* MASViewAttribute.m */; };
		78A520FC1C3DB52600D8F8A5 /* MASViewConstraint.m in Sources */ = {isa = PBXBuildFile; fileRef = 78A520EE1C3DB52600D8F8A5 /* MASViewConstraint.m */; };
		78A520FD1C3DB52600D8F8A5 /* NSArray+MASAdditions.m in Sources */ = {isa = PBXBuildFile; fileRef = 78A520F01C3DB52600D8F8A5 /* NSArray+MASAdditions.m */; };
		78A520FE1C3DB52600D8F8A5 /* NSLayoutConstraint+MASDebugAdditions.m in Sources */ = {isa = PBXBuildFile; fileRef = 78A520F31C3DB52600D8F8A5 /* NSLayoutConstraint+MASDebugAdditions.m */; };
		78A520FF1C3DB52600D8F8A5 /* View+MASAdditions.m in Sources */ = {isa = PBXBuildFile; fileRef = 78A520F51C3DB52600D8F8A5 /* View+MASAdditions.m */; };
		78A521031C3DB6F600D8F8A5 /* DrawSettingView.m in Sources */ = {isa = PBXBuildFile; fileRef = 78A521021C3DB6F600D8F8A5 /* DrawSettingView.m */; };
		8B00190F1C44CE7900805B5D /* Transion3DPush.m in Sources */ = {isa = PBXBuildFile; fileRef = 8B00190E1C44CE7900805B5D /* Transion3DPush.m */; };
		8B0019121C44CE8600805B5D /* Transion3DDiss.m in Sources */ = {isa = PBXBuildFile; fileRef = 8B0019111C44CE8600805B5D /* Transion3DDiss.m */; };
		8B0019151C44D51800805B5D /* DissInteractiveTransition.m in Sources */ = {isa = PBXBuildFile; fileRef = 8B0019141C44D51800805B5D /* DissInteractiveTransition.m */; };
		8B00195A1C4741F300805B5D /* ManageTransitionAnimation.m in Sources */ = {isa = PBXBuildFile; fileRef = 8B0019591C4741F300805B5D /* ManageTransitionAnimation.m */; };
		8B00195F1C476D0700805B5D /* SystemAnimationViewController.m in Sources */ = {isa = PBXBuildFile; fileRef = 8B00195D1C476D0700805B5D /* SystemAnimationViewController.m */; };
		8B0019601C476D0700805B5D /* SystemAnimationViewController.xib in Resources */ = {isa = PBXBuildFile; fileRef = 8B00195E1C476D0700805B5D /* SystemAnimationViewController.xib */; };
		8B1601D41CAA6488009A13CF /* YunisLearnViewController.m in Sources */ = {isa = PBXBuildFile; fileRef = 8B1601D21CAA6488009A13CF /* YunisLearnViewController.m */; };
		8B1601D51CAA6488009A13CF /* YunisLearnViewController.xib in Resources */ = {isa = PBXBuildFile; fileRef = 8B1601D31CAA6488009A13CF /* YunisLearnViewController.xib */; };
		8B1601D81CAA64CC009A13CF /* YunisCollectionLayout.m in Sources */ = {isa = PBXBuildFile; fileRef = 8B1601D71CAA64CC009A13CF /* YunisCollectionLayout.m */; };
		8B1601DC1CAA6524009A13CF /* TestCollectionViewCell.m in Sources */ = {isa = PBXBuildFile; fileRef = 8B1601DA1CAA6524009A13CF /* TestCollectionViewCell.m */; };
		8B1601DD1CAA6524009A13CF /* TestCollectionViewCell.xib in Resources */ = {isa = PBXBuildFile; fileRef = 8B1601DB1CAA6524009A13CF /* TestCollectionViewCell.xib */; };
		8B1601E01CAA6E21009A13CF /* TestFlowLayout.m in Sources */ = {isa = PBXBuildFile; fileRef = 8B1601DF1CAA6E21009A13CF /* TestFlowLayout.m */; };
		8B1601E61CAA780B009A13CF /* RACollectionViewReorderableTripletLayout.m in Sources */ = {isa = PBXBuildFile; fileRef = 8B1601E31CAA780B009A13CF /* RACollectionViewReorderableTripletLayout.m */; };
		8B1601E71CAA780B009A13CF /* RACollectionViewTripletLayout.m in Sources */ = {isa = PBXBuildFile; fileRef = 8B1601E51CAA780B009A13CF /* RACollectionViewTripletLayout.m */; };
		8B1601EA1CAB6584009A13CF /* Testname.m in Sources */ = {isa = PBXBuildFile; fileRef = 8B1601E91CAB6583009A13CF /* Testname.m */; };
		8B1601ED1CAB6B9C009A13CF /* ModuleLayoutAttributes.m in Sources */ = {isa = PBXBuildFile; fileRef = 8B1601EC1CAB6B9C009A13CF /* ModuleLayoutAttributes.m */; };
		8B17D4871D1BC93E002EC093 /* GroupViewController.m in Sources */ = {isa = PBXBuildFile; fileRef = 8B17D4861D1BC93E002EC093 /* GroupViewController.m */; };
		8B3173B61C4CCB7000DC634B /* 印象笔记动画效果OC版本.rtf in Resources */ = {isa = PBXBuildFile; fileRef = 8B3173B51C4CCB7000DC634B /* 印象笔记动画效果OC版本.rtf */; };
		8B3173B91C4CCBED00DC634B /* YinXiangBiJiViewController.m in Sources */ = {isa = PBXBuildFile; fileRef = 8B3173B81C4CCBED00DC634B /* YinXiangBiJiViewController.m */; };
		8B3173BC1C4CCCA400DC634B /* YXBJCellLayout.m in Sources */ = {isa = PBXBuildFile; fileRef = 8B3173BB1C4CCCA400DC634B /* YXBJCellLayout.m */; };
		8B3173C01C4CD1F300DC634B /* YXBJCollectionViewCell.m in Sources */ = {isa = PBXBuildFile; fileRef = 8B3173BE1C4CD1F300DC634B /* YXBJCollectionViewCell.m */; };
		8B3173C11C4CD1F300DC634B /* YXBJCollectionViewCell.xib in Resources */ = {isa = PBXBuildFile; fileRef = 8B3173BF1C4CD1F300DC634B /* YXBJCollectionViewCell.xib */; };
		8B3173C41C4CD22500DC634B /* YXBJTransition.m in Sources */ = {isa = PBXBuildFile; fileRef = 8B3173C31C4CD22500DC634B /* YXBJTransition.m */; };
		8B3173C81C4CD56500DC634B /* NewYXBJDetailViewController.m in Sources */ = {isa = PBXBuildFile; fileRef = 8B3173C61C4CD56500DC634B /* NewYXBJDetailViewController.m */; };
		8B3173C91C4CD56500DC634B /* NewYXBJDetailViewController.xib in Resources */ = {isa = PBXBuildFile; fileRef = 8B3173C71C4CD56500DC634B /* NewYXBJDetailViewController.xib */; };
		8B3173CC1C4CE9F000DC634B /* YunisLearnDynamicFlowLayout.m in Sources */ = {isa = PBXBuildFile; fileRef = 8B3173CB1C4CE9F000DC634B /* YunisLearnDynamicFlowLayout.m */; };
		8B3173D01C4DC0B500DC634B /* YunisTopShowHUD.m in Sources */ = {isa = PBXBuildFile; fileRef = 8B3173CF1C4DC0B500DC634B /* YunisTopShowHUD.m */; };
		8B3173D31C4DC51800DC634B /* YunisAlertViewController.m in Sources */ = {isa = PBXBuildFile; fileRef = 8B3173D21C4DC51800DC634B /* YunisAlertViewController.m */; };
		8B3173D61C4DC7D200DC634B /* UIImage+ImageEffects.m in Sources */ = {isa = PBXBuildFile; fileRef = 8B3173D51C4DC7D200DC634B /* UIImage+ImageEffects.m */; };
		8B3173D91C4E032400DC634B /* YunisAlertTitleView.m in Sources */ = {isa = PBXBuildFile; fileRef = 8B3173D81C4E032400DC634B /* YunisAlertTitleView.m */; };
		8B3173DC1C4E0D5600DC634B /* UIImageView+Reflect.m in Sources */ = {isa = PBXBuildFile; fileRef = 8B3173DB1C4E0D5600DC634B /* UIImageView+Reflect.m */; };
		8B3173DF1C4E17F700DC634B /* 半糖动画效果.rtf in Resources */ = {isa = PBXBuildFile; fileRef = 8B3173DE1C4E17F700DC634B /* 半糖动画效果.rtf */; };
		8B3173E31C4E184A00DC634B /* BanTangViewController.m in Sources */ = {isa = PBXBuildFile; fileRef = 8B3173E11C4E184A00DC634B /* BanTangViewController.m */; };
		8B3173E41C4E184A00DC634B /* BanTangViewController.xib in Resources */ = {isa = PBXBuildFile; fileRef = 8B3173E21C4E184A00DC634B /* BanTangViewController.xib */; };
		8B3173E61C4E3B8300DC634B /* 断断续续需要看的东西.rtfd in Resources */ = {isa = PBXBuildFile; fileRef = 8B3173E51C4E3B8300DC634B /* 断断续续需要看的东西.rtfd */; };
		8B3A2BF51C3CE85E001F4E93 /* main.m in Sources */ = {isa = PBXBuildFile; fileRef = 8B3A2BF41C3CE85E001F4E93 /* main.m */; };
		8B3A2BF81C3CE85E001F4E93 /* AppDelegate.m in Sources */ = {isa = PBXBuildFile; fileRef = 8B3A2BF71C3CE85E001F4E93 /* AppDelegate.m */; };
		8B3A2BFB1C3CE85E001F4E93 /* ViewController.m in Sources */ = {isa = PBXBuildFile; fileRef = 8B3A2BFA1C3CE85E001F4E93 /* ViewController.m */; };
		8B3A2BFE1C3CE85E001F4E93 /* Main.storyboard in Resources */ = {isa = PBXBuildFile; fileRef = 8B3A2BFC1C3CE85E001F4E93 /* Main.storyboard */; };
		8B3A2C001C3CE85E001F4E93 /* Assets.xcassets in Resources */ = {isa = PBXBuildFile; fileRef = 8B3A2BFF1C3CE85E001F4E93 /* Assets.xcassets */; };
		8B3A2C031C3CE85E001F4E93 /* LaunchScreen.storyboard in Resources */ = {isa = PBXBuildFile; fileRef = 8B3A2C011C3CE85E001F4E93 /* LaunchScreen.storyboard */; };
		8B3A2C0D1C3CEB39001F4E93 /* CircleSpreadTransition.m in Sources */ = {isa = PBXBuildFile; fileRef = 8B3A2C0C1C3CEB39001F4E93 /* CircleSpreadTransition.m */; };
		8B3A2C111C3CF7AC001F4E93 /* UIColor+randomColor.m in Sources */ = {isa = PBXBuildFile; fileRef = 8B3A2C101C3CF7AC001F4E93 /* UIColor+randomColor.m */; };
		8B3A2C151C3D0062001F4E93 /* FollowWuYanZhu.m in Sources */ = {isa = PBXBuildFile; fileRef = 8B3A2C131C3D0062001F4E93 /* FollowWuYanZhu.m */; };
		8B3A2C161C3D0062001F4E93 /* FollowWuYanZhu.xib in Resources */ = {isa = PBXBuildFile; fileRef = 8B3A2C141C3D0062001F4E93 /* FollowWuYanZhu.xib */; };
		8B3A2C181C3D0832001F4E93 /* wuyanzu.jpg in Resources */ = {isa = PBXBuildFile; fileRef = 8B3A2C171C3D0832001F4E93 /* wuyanzu.jpg */; };
		8B3A2C1B1C3D0CC9001F4E93 /* TBAnimationButton.m in Sources */ = {isa = PBXBuildFile; fileRef = 8B3A2C1A1C3D0CC9001F4E93 /* TBAnimationButton.m */; };
		8B3CC15D1C3E34CA0071F6E5 /* UITableView+emptyView.m in Sources */ = {isa = PBXBuildFile; fileRef = 8B3CC15C1C3E34CA0071F6E5 /* UITableView+emptyView.m */; };
		8B3CC1601C3E38920071F6E5 /* UITableViewCell+hideSeparatorLeftInset.m in Sources */ = {isa = PBXBuildFile; fileRef = 8B3CC15F1C3E38920071F6E5 /* UITableViewCell+hideSeparatorLeftInset.m */; };
		8B3CC1631C3E38B20071F6E5 /* UITableView+hideSeparatorLeftInset.m in Sources */ = {isa = PBXBuildFile; fileRef = 8B3CC1621C3E38B20071F6E5 /* UITableView+hideSeparatorLeftInset.m */; };
		8B3CC16A1C3E47480071F6E5 /* Line.m in Sources */ = {isa = PBXBuildFile; fileRef = 8B3CC1691C3E47480071F6E5 /* Line.m */; };
		8B3CC1701C3E4EBD0071F6E5 /* QQMusicViewController.m in Sources */ = {isa = PBXBuildFile; fileRef = 8B3CC16E1C3E4EBD0071F6E5 /* QQMusicViewController.m */; };
		8B3CC1711C3E4EBD0071F6E5 /* QQMusicViewController.xib in Resources */ = {isa = PBXBuildFile; fileRef = 8B3CC16F1C3E4EBD0071F6E5 /* QQMusicViewController.xib */; };
		8B3CC1751C3E4F1C0071F6E5 /* InfoViewController.m in Sources */ = {isa = PBXBuildFile; fileRef = 8B3CC1731C3E4F1C0071F6E5 /* InfoViewController.m */; };
		8B3CC17B1C3E508E0071F6E5 /* TransitionFromSecondToFirst.m in Sources */ = {isa = PBXBuildFile; fileRef = 8B3CC1781C3E508E0071F6E5 /* TransitionFromSecondToFirst.m */; };
		8B3CC17C1C3E508E0071F6E5 /* TransitionFromFirstToSecond.m in Sources */ = {isa = PBXBuildFile; fileRef = 8B3CC17A1C3E508E0071F6E5 /* TransitionFromFirstToSecond.m */; };
		8B3CC17F1C3E53E20071F6E5 /* UIView+snapshot.m in Sources */ = {isa = PBXBuildFile; fileRef = 8B3CC17E1C3E53E20071F6E5 /* UIView+snapshot.m */; };
		8B3CC1831C3E601B0071F6E5 /* File in Resources */ = {isa = PBXBuildFile; fileRef = 8B3CC1821C3E601B0071F6E5 /* File */; };
		8B3CC1851C3E60D80071F6E5 /* 动画思路.rtf in Resources */ = {isa = PBXBuildFile; fileRef = 8B3CC1841C3E60D80071F6E5 /* 动画思路.rtf */; };
		8B3CC1891C3E67A30071F6E5 /* 3d.rtfd in Resources */ = {isa = PBXBuildFile; fileRef = 8B3CC1881C3E67A30071F6E5 /* 3d.rtfd */; };
		8B3CC18B1C3E68FC0071F6E5 /* File.rtf in Resources */ = {isa = PBXBuildFile; fileRef = 8B3CC18A1C3E68FC0071F6E5 /* File.rtf */; };
		8B3CC18E1C3E69310071F6E5 /* 漂移.rtfd in Resources */ = {isa = PBXBuildFile; fileRef = 8B3CC18D1C3E69310071F6E5 /* 漂移.rtfd */; };
		8B3CC1971C3E6A6D0071F6E5 /* Transition3DViewController.m in Sources */ = {isa = PBXBuildFile; fileRef = 8B3CC1951C3E6A6D0071F6E5 /* Transition3DViewController.m */; };
		8B3CC1981C3E6A6D0071F6E5 /* Transition3DViewController.xib in Resources */ = {isa = PBXBuildFile; fileRef = 8B3CC1961C3E6A6D0071F6E5 /* Transition3DViewController.xib */; };
		8B3CC19C1C3E6A9C0071F6E5 /* TwoTransitionViewController.m in Sources */ = {isa = PBXBuildFile; fileRef = 8B3CC19A1C3E6A9C0071F6E5 /* TwoTransitionViewController.m */; };
		8B3CC19D1C3E6A9C0071F6E5 /* TwoTransitionViewController.xib in Resources */ = {isa = PBXBuildFile; fileRef = 8B3CC19B1C3E6A9C0071F6E5 /* TwoTransitionViewController.xib */; };
		8B3CC1A01C3E6C080071F6E5 /* 点击圆形转场.rtf in Resources */ = {isa = PBXBuildFile; fileRef = 8B3CC19F1C3E6C080071F6E5 /* 点击圆形转场.rtf */; };
		8B3CC1AB1C3E6D5C0071F6E5 /* 1.jpg in Resources */ = {isa = PBXBuildFile; fileRef = 8B3CC1A21C3E6D5C0071F6E5 /* 1.jpg */; };
		8B3CC1AC1C3E6D5C0071F6E5 /* 2.jpg in Resources */ = {isa = PBXBuildFile; fileRef = 8B3CC1A31C3E6D5C0071F6E5 /* 2.jpg */; };
		8B3CC1AD1C3E6D5C0071F6E5 /* 3.jpg in Resources */ = {isa = PBXBuildFile; fileRef = 8B3CC1A41C3E6D5C0071F6E5 /* 3.jpg */; };
		8B3CC1AE1C3E6D5C0071F6E5 /* 4.jpg in Resources */ = {isa = PBXBuildFile; fileRef = 8B3CC1A51C3E6D5C0071F6E5 /* 4.jpg */; };
		8B3CC1AF1C3E6D5C0071F6E5 /* 5.jpg in Resources */ = {isa = PBXBuildFile; fileRef = 8B3CC1A61C3E6D5C0071F6E5 /* 5.jpg */; };
		8B3CC1B01C3E6D5C0071F6E5 /* 6.jpg in Resources */ = {isa = PBXBuildFile; fileRef = 8B3CC1A71C3E6D5C0071F6E5 /* 6.jpg */; };
		8B3CC1B11C3E6D5C0071F6E5 /* 7.jpg in Resources */ = {isa = PBXBuildFile; fileRef = 8B3CC1A81C3E6D5C0071F6E5 /* 7.jpg */; };
		8B3CC1B21C3E6D5C0071F6E5 /* 8.jpg in Resources */ = {isa = PBXBuildFile; fileRef = 8B3CC1A91C3E6D5C0071F6E5 /* 8.jpg */; };
		8B3CC1B31C3E6D5C0071F6E5 /* 9.jpg in Resources */ = {isa = PBXBuildFile; fileRef = 8B3CC1AA1C3E6D5C0071F6E5 /* 9.jpg */; };
		8B4F9D661C55C63A00F552D7 /* BannnerMaskView.m in Sources */ = {isa = PBXBuildFile; fileRef = 8B4F9D651C55C63A00F552D7 /* BannnerMaskView.m */; };
		8B4F9D681C561BF300F552D7 /* snow.jpg in Resources */ = {isa = PBXBuildFile; fileRef = 8B4F9D671C561BF300F552D7 /* snow.jpg */; };
		8B4F9D6E1C57407E00F552D7 /* LightHomeBasePage.m in Sources */ = {isa = PBXBuildFile; fileRef = 8B4F9D6D1C57407E00F552D7 /* LightHomeBasePage.m */; };
		8B4F9D711C5746BC00F552D7 /* BannerImageView.m in Sources */ = {isa = PBXBuildFile; fileRef = 8B4F9D701C5746BC00F552D7 /* BannerImageView.m */; };
		8B4F9DA21C58548800F552D7 /* LightSunViewController.m in Sources */ = {isa = PBXBuildFile; fileRef = 8B4F9DA01C58548800F552D7 /* LightSunViewController.m */; };
		8B4F9DA31C58548800F552D7 /* LightSunViewController.xib in Resources */ = {isa = PBXBuildFile; fileRef = 8B4F9DA11C58548800F552D7 /* LightSunViewController.xib */; };
		8B4F9DA61C58552100F552D7 /* RoundAnimationView.m in Sources */ = {isa = PBXBuildFile; fileRef = 8B4F9DA51C58552100F552D7 /* RoundAnimationView.m */; };
		8B4F9DA91C58556C00F552D7 /* SunMoonView.m in Sources */ = {isa = PBXBuildFile; fileRef = 8B4F9DA81C58556C00F552D7 /* SunMoonView.m */; };
		8B4F9DAC1C58564700F552D7 /* RoundView.m in Sources */ = {isa = PBXBuildFile; fileRef = 8B4F9DAB1C58564700F552D7 /* RoundView.m */; };
		8B4F9DAE1C58A68E00F552D7 /* Sun.png in Resources */ = {isa = PBXBuildFile; fileRef = 8B4F9DAD1C58A68E00F552D7 /* Sun.png */; };
		8B89BF1F1C51BAB600E66F0D /* Light下拉首页图片变形.rtf in Resources */ = {isa = PBXBuildFile; fileRef = 8B89BF1E1C51BAB600E66F0D /* Light下拉首页图片变形.rtf */; };
		8B89BF271C51BB5800E66F0D /* PullTableViewController.m in Sources */ = {isa = PBXBuildFile; fileRef = 8B89BF261C51BB5800E66F0D /* PullTableViewController.m */; };
		8B89BF2E1C51C0D700E66F0D /* MBTwitterScroll.m in Sources */ = {isa = PBXBuildFile; fileRef = 8B89BF2A1C51C0D700E66F0D /* MBTwitterScroll.m */; };
		8B89BF2F1C51C0D700E66F0D /* UIScrollView+TwitterCover.m in Sources */ = {isa = PBXBuildFile; fileRef = 8B89BF2D1C51C0D700E66F0D /* UIScrollView+TwitterCover.m */; };
		8B89BF321C51D7C600E66F0D /* UIView+layer.m in Sources */ = {isa = PBXBuildFile; fileRef = 8B89BF311C51D7C600E66F0D /* UIView+layer.m */; };
		8B89BF371C5217BA00E66F0D /* CircleInfo.m in Sources */ = {isa = PBXBuildFile; fileRef = 8B89BF361C5217BA00E66F0D /* CircleInfo.m */; };
		8BA0F6F01C9001A100F735F3 /* 仪表盘.rtf in Resources */ = {isa = PBXBuildFile; fileRef = 8BA0F6EF1C9001A100F735F3 /* 仪表盘.rtf */; };
		8BA0F6F41C90022F00F735F3 /* DashBoardViewController.m in Sources */ = {isa = PBXBuildFile; fileRef = 8BA0F6F21C90022F00F735F3 /* DashBoardViewController.m */; };
		8BA0F6F51C90022F00F735F3 /* DashBoardViewController.xib in Resources */ = {isa = PBXBuildFile; fileRef = 8BA0F6F31C90022F00F735F3 /* DashBoardViewController.xib */; };
		8BA0F6F81C900FAA00F735F3 /* PanelView.m in Sources */ = {isa = PBXBuildFile; fileRef = 8BA0F6F71C900FAA00F735F3 /* PanelView.m */; };
		8BF8F0B51C3F3B1A00C9B9FB /* BaseTransitionObject.m in Sources */ = {isa = PBXBuildFile; fileRef = 8BF8F0B41C3F3B1A00C9B9FB /* BaseTransitionObject.m */; };
		8BF8F0B81C3F545000C9B9FB /* 另一种画线方式.rtf in Resources */ = {isa = PBXBuildFile; fileRef = 8BF8F0B71C3F545000C9B9FB /* 另一种画线方式.rtf */; };
		8BF8F0BC1C3F54E100C9B9FB /* OtherDrawLineViewController.m in Sources */ = {isa = PBXBuildFile; fileRef = 8BF8F0BA1C3F54E100C9B9FB /* OtherDrawLineViewController.m */; };
		8BF8F0BD1C3F54E100C9B9FB /* OtherDrawLineViewController.xib in Resources */ = {isa = PBXBuildFile; fileRef = 8BF8F0BB1C3F54E100C9B9FB /* OtherDrawLineViewController.xib */; };
		8BF8F0BF1C3F564C00C9B9FB /* 学习彦祖类似购物车动画.rtf in Resources */ = {isa = PBXBuildFile; fileRef = 8BF8F0BE1C3F564C00C9B9FB /* 学习彦祖类似购物车动画.rtf */; };
		8BF8F0C21C3F5BA500C9B9FB /* BaseEditView.m in Sources */ = {isa = PBXBuildFile; fileRef = 8BF8F0C11C3F5BA500C9B9FB /* BaseEditView.m */; };
		8BF8F0C51C3F5F7300C9B9FB /* UIView+Controller.m in Sources */ = {isa = PBXBuildFile; fileRef = 8BF8F0C41C3F5F7300C9B9FB /* UIView+Controller.m */; };
		8BF8F0C81C3F605800C9B9FB /* DrawLineView.m in Sources */ = {isa = PBXBuildFile; fileRef = 8BF8F0C71C3F605800C9B9FB /* DrawLineView.m */; };
		8BF8F0CB1C3F636B00C9B9FB /* UIButton+block.m in Sources */ = {isa = PBXBuildFile; fileRef = 8BF8F0CA1C3F636B00C9B9FB /* UIButton+block.m */; };
		8BF8F0CE1C3F88C800C9B9FB /* DrawBezierPath.m in Sources */ = {isa = PBXBuildFile; fileRef = 8BF8F0CD1C3F88C800C9B9FB /* DrawBezierPath.m */; };
		8BF97B561CA4DF19004C76A6 /* MenuTableViewController.m in Sources */ = {isa = PBXBuildFile; fileRef = 8BF97B4E1CA4DF19004C76A6 /* MenuTableViewController.m */; };
		8BF97B571CA4DF19004C76A6 /* YunisCollectionViewController.m in Sources */ = {isa = PBXBuildFile; fileRef = 8BF97B501CA4DF19004C76A6 /* YunisCollectionViewController.m */; };
		8BF97B581CA4DF19004C76A6 /* YunisLayout.m in Sources */ = {isa = PBXBuildFile; fileRef = 8BF97B521CA4DF19004C76A6 /* YunisLayout.m */; };
		8BF97B591CA4DF19004C76A6 /* YunisCollectionViewCell.m in Sources */ = {isa = PBXBuildFile; fileRef = 8BF97B541CA4DF19004C76A6 /* YunisCollectionViewCell.m */; };
		8BF97B5A1CA4DF19004C76A6 /* YunisCollectionViewCell.xib in Resources */ = {isa = PBXBuildFile; fileRef = 8BF97B551CA4DF19004C76A6 /* YunisCollectionViewCell.xib */; };
		8BF97B5C1CA53433004C76A6 /* WillWork.rtf in Resources */ = {isa = PBXBuildFile; fileRef = 8BF97B5B1CA53433004C76A6 /* WillWork.rtf */; };
/* End PBXBuildFile section */

/* Begin PBXFileReference section */
		78A520D71C3DB12200D8F8A5 /* DrawLineViewController.h */ = {isa = PBXFileReference; fileEncoding = 4; lastKnownFileType = sourcecode.c.h; path = DrawLineViewController.h; sourceTree = "<group>"; };
		78A520D81C3DB12200D8F8A5 /* DrawLineViewController.m */ = {isa = PBXFileReference; fileEncoding = 4; lastKnownFileType = sourcecode.c.objc; path = DrawLineViewController.m; sourceTree = "<group>"; };
		78A520D91C3DB12200D8F8A5 /* DrawLineViewController.xib */ = {isa = PBXFileReference; fileEncoding = 4; lastKnownFileType = file.xib; path = DrawLineViewController.xib; sourceTree = "<group>"; };
		78A520DC1C3DB4DD00D8F8A5 /* DramVIew.h */ = {isa = PBXFileReference; fileEncoding = 4; lastKnownFileType = sourcecode.c.h; path = DramVIew.h; sourceTree = "<group>"; };
		78A520DD1C3DB4DE00D8F8A5 /* DramVIew.m */ = {isa = PBXFileReference; fileEncoding = 4; lastKnownFileType = sourcecode.c.objc; path = DramVIew.m; sourceTree = "<group>"; };
		78A520E01C3DB52600D8F8A5 /* MASCompositeConstraint.h */ = {isa = PBXFileReference; fileEncoding = 4; lastKnownFileType = sourcecode.c.h; path = MASCompositeConstraint.h; sourceTree = "<group>"; };
		78A520E11C3DB52600D8F8A5 /* MASCompositeConstraint.m */ = {isa = PBXFileReference; fileEncoding = 4; lastKnownFileType = sourcecode.c.objc; path = MASCompositeConstraint.m; sourceTree = "<group>"; };
		78A520E21C3DB52600D8F8A5 /* MASConstraint+Private.h */ = {isa = PBXFileReference; fileEncoding = 4; lastKnownFileType = sourcecode.c.h; path = "MASConstraint+Private.h"; sourceTree = "<group>"; };
		78A520E31C3DB52600D8F8A5 /* MASConstraint.h */ = {isa = PBXFileReference; fileEncoding = 4; lastKnownFileType = sourcecode.c.h; path = MASConstraint.h; sourceTree = "<group>"; };
		78A520E41C3DB52600D8F8A5 /* MASConstraint.m */ = {isa = PBXFileReference; fileEncoding = 4; lastKnownFileType = sourcecode.c.objc; path = MASConstraint.m; sourceTree = "<group>"; };
		78A520E51C3DB52600D8F8A5 /* MASConstraintMaker.h */ = {isa = PBXFileReference; fileEncoding = 4; lastKnownFileType = sourcecode.c.h; path = MASConstraintMaker.h; sourceTree = "<group>"; };
		78A520E61C3DB52600D8F8A5 /* MASConstraintMaker.m */ = {isa = PBXFileReference; fileEncoding = 4; lastKnownFileType = sourcecode.c.objc; path = MASConstraintMaker.m; sourceTree = "<group>"; };
		78A520E71C3DB52600D8F8A5 /* MASLayoutConstraint.h */ = {isa = PBXFileReference; fileEncoding = 4; lastKnownFileType = sourcecode.c.h; path = MASLayoutConstraint.h; sourceTree = "<group>"; };
		78A520E81C3DB52600D8F8A5 /* MASLayoutConstraint.m */ = {isa = PBXFileReference; fileEncoding = 4; lastKnownFileType = sourcecode.c.objc; path = MASLayoutConstraint.m; sourceTree = "<group>"; };
		78A520E91C3DB52600D8F8A5 /* Masonry.h */ = {isa = PBXFileReference; fileEncoding = 4; lastKnownFileType = sourcecode.c.h; path = Masonry.h; sourceTree = "<group>"; };
		78A520EA1C3DB52600D8F8A5 /* MASUtilities.h */ = {isa = PBXFileReference; fileEncoding = 4; lastKnownFileType = sourcecode.c.h; path = MASUtilities.h; sourceTree = "<group>"; };
		78A520EB1C3DB52600D8F8A5 /* MASViewAttribute.h */ = {isa = PBXFileReference; fileEncoding = 4; lastKnownFileType = sourcecode.c.h; path = MASViewAttribute.h; sourceTree = "<group>"; };
		78A520EC1C3DB52600D8F8A5 /* MASViewAttribute.m */ = {isa = PBXFileReference; fileEncoding = 4; lastKnownFileType = sourcecode.c.objc; path = MASViewAttribute.m; sourceTree = "<group>"; };
		78A520ED1C3DB52600D8F8A5 /* MASViewConstraint.h */ = {isa = PBXFileReference; fileEncoding = 4; lastKnownFileType = sourcecode.c.h; path = MASViewConstraint.h; sourceTree = "<group>"; };
		78A520EE1C3DB52600D8F8A5 /* MASViewConstraint.m */ = {isa = PBXFileReference; fileEncoding = 4; lastKnownFileType = sourcecode.c.objc; path = MASViewConstraint.m; sourceTree = "<group>"; };
		78A520EF1C3DB52600D8F8A5 /* NSArray+MASAdditions.h */ = {isa = PBXFileReference; fileEncoding = 4; lastKnownFileType = sourcecode.c.h; path = "NSArray+MASAdditions.h"; sourceTree = "<group>"; };
		78A520F01C3DB52600D8F8A5 /* NSArray+MASAdditions.m */ = {isa = PBXFileReference; fileEncoding = 4; lastKnownFileType = sourcecode.c.objc; path = "NSArray+MASAdditions.m"; sourceTree = "<group>"; };
		78A520F11C3DB52600D8F8A5 /* NSArray+MASShorthandAdditions.h */ = {isa = PBXFileReference; fileEncoding = 4; lastKnownFileType = sourcecode.c.h; path = "NSArray+MASShorthandAdditions.h"; sourceTree = "<group>"; };
		78A520F21C3DB52600D8F8A5 /* NSLayoutConstraint+MASDebugAdditions.h */ = {isa = PBXFileReference; fileEncoding = 4; lastKnownFileType = sourcecode.c.h; path = "NSLayoutConstraint+MASDebugAdditions.h"; sourceTree = "<group>"; };
		78A520F31C3DB52600D8F8A5 /* NSLayoutConstraint+MASDebugAdditions.m */ = {isa = PBXFileReference; fileEncoding = 4; lastKnownFileType = sourcecode.c.objc; path = "NSLayoutConstraint+MASDebugAdditions.m"; sourceTree = "<group>"; };
		78A520F41C3DB52600D8F8A5 /* View+MASAdditions.h */ = {isa = PBXFileReference; fileEncoding = 4; lastKnownFileType = sourcecode.c.h; path = "View+MASAdditions.h"; sourceTree = "<group>"; };
		78A520F51C3DB52600D8F8A5 /* View+MASAdditions.m */ = {isa = PBXFileReference; fileEncoding = 4; lastKnownFileType = sourcecode.c.objc; path = "View+MASAdditions.m"; sourceTree = "<group>"; };
		78A520F61C3DB52600D8F8A5 /* View+MASShorthandAdditions.h */ = {isa = PBXFileReference; fileEncoding = 4; lastKnownFileType = sourcecode.c.h; path = "View+MASShorthandAdditions.h"; sourceTree = "<group>"; };
		78A521001C3DB53D00D8F8A5 /* YunisPch.pch */ = {isa = PBXFileReference; fileEncoding = 4; lastKnownFileType = sourcecode.c.h; path = YunisPch.pch; sourceTree = "<group>"; };
		78A521011C3DB6F600D8F8A5 /* DrawSettingView.h */ = {isa = PBXFileReference; fileEncoding = 4; lastKnownFileType = sourcecode.c.h; path = DrawSettingView.h; sourceTree = "<group>"; };
		78A521021C3DB6F600D8F8A5 /* DrawSettingView.m */ = {isa = PBXFileReference; fileEncoding = 4; lastKnownFileType = sourcecode.c.objc; path = DrawSettingView.m; sourceTree = "<group>"; };
		8B00190D1C44CE7900805B5D /* Transion3DPush.h */ = {isa = PBXFileReference; fileEncoding = 4; lastKnownFileType = sourcecode.c.h; path = Transion3DPush.h; sourceTree = "<group>"; };
		8B00190E1C44CE7900805B5D /* Transion3DPush.m */ = {isa = PBXFileReference; fileEncoding = 4; lastKnownFileType = sourcecode.c.objc; path = Transion3DPush.m; sourceTree = "<group>"; };
		8B0019101C44CE8600805B5D /* Transion3DDiss.h */ = {isa = PBXFileReference; fileEncoding = 4; lastKnownFileType = sourcecode.c.h; path = Transion3DDiss.h; sourceTree = "<group>"; };
		8B0019111C44CE8600805B5D /* Transion3DDiss.m */ = {isa = PBXFileReference; fileEncoding = 4; lastKnownFileType = sourcecode.c.objc; path = Transion3DDiss.m; sourceTree = "<group>"; };
		8B0019131C44D51800805B5D /* DissInteractiveTransition.h */ = {isa = PBXFileReference; fileEncoding = 4; lastKnownFileType = sourcecode.c.h; path = DissInteractiveTransition.h; sourceTree = "<group>"; };
		8B0019141C44D51800805B5D /* DissInteractiveTransition.m */ = {isa = PBXFileReference; fileEncoding = 4; lastKnownFileType = sourcecode.c.objc; path = DissInteractiveTransition.m; sourceTree = "<group>"; };
		8B0019581C4741F300805B5D /* ManageTransitionAnimation.h */ = {isa = PBXFileReference; fileEncoding = 4; lastKnownFileType = sourcecode.c.h; path = ManageTransitionAnimation.h; sourceTree = "<group>"; };
		8B0019591C4741F300805B5D /* ManageTransitionAnimation.m */ = {isa = PBXFileReference; fileEncoding = 4; lastKnownFileType = sourcecode.c.objc; path = ManageTransitionAnimation.m; sourceTree = "<group>"; };
		8B00195C1C476D0700805B5D /* SystemAnimationViewController.h */ = {isa = PBXFileReference; fileEncoding = 4; lastKnownFileType = sourcecode.c.h; path = SystemAnimationViewController.h; sourceTree = "<group>"; };
		8B00195D1C476D0700805B5D /* SystemAnimationViewController.m */ = {isa = PBXFileReference; fileEncoding = 4; lastKnownFileType = sourcecode.c.objc; path = SystemAnimationViewController.m; sourceTree = "<group>"; };
		8B00195E1C476D0700805B5D /* SystemAnimationViewController.xib */ = {isa = PBXFileReference; fileEncoding = 4; lastKnownFileType = file.xib; path = SystemAnimationViewController.xib; sourceTree = "<group>"; };
		8B1601D11CAA6488009A13CF /* YunisLearnViewController.h */ = {isa = PBXFileReference; fileEncoding = 4; lastKnownFileType = sourcecode.c.h; path = YunisLearnViewController.h; sourceTree = "<group>"; };
		8B1601D21CAA6488009A13CF /* YunisLearnViewController.m */ = {isa = PBXFileReference; fileEncoding = 4; lastKnownFileType = sourcecode.c.objc; path = YunisLearnViewController.m; sourceTree = "<group>"; };
		8B1601D31CAA6488009A13CF /* YunisLearnViewController.xib */ = {isa = PBXFileReference; fileEncoding = 4; lastKnownFileType = file.xib; path = YunisLearnViewController.xib; sourceTree = "<group>"; };
		8B1601D61CAA64CC009A13CF /* YunisCollectionLayout.h */ = {isa = PBXFileReference; fileEncoding = 4; lastKnownFileType = sourcecode.c.h; path = YunisCollectionLayout.h; sourceTree = "<group>"; };
		8B1601D71CAA64CC009A13CF /* YunisCollectionLayout.m */ = {isa = PBXFileReference; fileEncoding = 4; lastKnownFileType = sourcecode.c.objc; path = YunisCollectionLayout.m; sourceTree = "<group>"; };
		8B1601D91CAA6524009A13CF /* TestCollectionViewCell.h */ = {isa = PBXFileReference; fileEncoding = 4; lastKnownFileType = sourcecode.c.h; path = TestCollectionViewCell.h; sourceTree = "<group>"; };
		8B1601DA1CAA6524009A13CF /* TestCollectionViewCell.m */ = {isa = PBXFileReference; fileEncoding = 4; lastKnownFileType = sourcecode.c.objc; path = TestCollectionViewCell.m; sourceTree = "<group>"; };
		8B1601DB1CAA6524009A13CF /* TestCollectionViewCell.xib */ = {isa = PBXFileReference; fileEncoding = 4; lastKnownFileType = file.xib; path = TestCollectionViewCell.xib; sourceTree = "<group>"; };
		8B1601DE1CAA6E21009A13CF /* TestFlowLayout.h */ = {isa = PBXFileReference; fileEncoding = 4; lastKnownFileType = sourcecode.c.h; path = TestFlowLayout.h; sourceTree = "<group>"; };
		8B1601DF1CAA6E21009A13CF /* TestFlowLayout.m */ = {isa = PBXFileReference; fileEncoding = 4; lastKnownFileType = sourcecode.c.objc; path = TestFlowLayout.m; sourceTree = "<group>"; };
		8B1601E21CAA780B009A13CF /* RACollectionViewReorderableTripletLayout.h */ = {isa = PBXFileReference; fileEncoding = 4; lastKnownFileType = sourcecode.c.h; path = RACollectionViewReorderableTripletLayout.h; sourceTree = "<group>"; };
		8B1601E31CAA780B009A13CF /* RACollectionViewReorderableTripletLayout.m */ = {isa = PBXFileReference; fileEncoding = 4; lastKnownFileType = sourcecode.c.objc; path = RACollectionViewReorderableTripletLayout.m; sourceTree = "<group>"; };
		8B1601E41CAA780B009A13CF /* RACollectionViewTripletLayout.h */ = {isa = PBXFileReference; fileEncoding = 4; lastKnownFileType = sourcecode.c.h; path = RACollectionViewTripletLayout.h; sourceTree = "<group>"; };
		8B1601E51CAA780B009A13CF /* RACollectionViewTripletLayout.m */ = {isa = PBXFileReference; fileEncoding = 4; lastKnownFileType = sourcecode.c.objc; path = RACollectionViewTripletLayout.m; sourceTree = "<group>"; };
		8B1601E81CAB6583009A13CF /* Testname.h */ = {isa = PBXFileReference; fileEncoding = 4; lastKnownFileType = sourcecode.c.h; path = Testname.h; sourceTree = "<group>"; };
		8B1601E91CAB6583009A13CF /* Testname.m */ = {isa = PBXFileReference; fileEncoding = 4; lastKnownFileType = sourcecode.c.objc; path = Testname.m; sourceTree = "<group>"; };
		8B1601EB1CAB6B9C009A13CF /* ModuleLayoutAttributes.h */ = {isa = PBXFileReference; fileEncoding = 4; lastKnownFileType = sourcecode.c.h; path = ModuleLayoutAttributes.h; sourceTree = "<group>"; };
		8B1601EC1CAB6B9C009A13CF /* ModuleLayoutAttributes.m */ = {isa = PBXFileReference; fileEncoding = 4; lastKnownFileType = sourcecode.c.objc; path = ModuleLayoutAttributes.m; sourceTree = "<group>"; };
		8B17D4851D1BC93E002EC093 /* GroupViewController.h */ = {isa = PBXFileReference; fileEncoding = 4; lastKnownFileType = sourcecode.c.h; path = GroupViewController.h; sourceTree = "<group>"; };
		8B17D4861D1BC93E002EC093 /* GroupViewController.m */ = {isa = PBXFileReference; fileEncoding = 4; lastKnownFileType = sourcecode.c.objc; path = GroupViewController.m; sourceTree = "<group>"; };
		8B3173B51C4CCB7000DC634B /* 印象笔记动画效果OC版本.rtf */ = {isa = PBXFileReference; fileEncoding = 4; lastKnownFileType = text.rtf; path = "印象笔记动画效果OC版本.rtf"; sourceTree = "<group>"; };
		8B3173B71C4CCBED00DC634B /* YinXiangBiJiViewController.h */ = {isa = PBXFileReference; fileEncoding = 4; lastKnownFileType = sourcecode.c.h; path = YinXiangBiJiViewController.h; sourceTree = "<group>"; };
		8B3173B81C4CCBED00DC634B /* YinXiangBiJiViewController.m */ = {isa = PBXFileReference; fileEncoding = 4; lastKnownFileType = sourcecode.c.objc; path = YinXiangBiJiViewController.m; sourceTree = "<group>"; };
		8B3173BA1C4CCCA400DC634B /* YXBJCellLayout.h */ = {isa = PBXFileReference; fileEncoding = 4; lastKnownFileType = sourcecode.c.h; path = YXBJCellLayout.h; sourceTree = "<group>"; };
		8B3173BB1C4CCCA400DC634B /* YXBJCellLayout.m */ = {isa = PBXFileReference; fileEncoding = 4; lastKnownFileType = sourcecode.c.objc; path = YXBJCellLayout.m; sourceTree = "<group>"; };
		8B3173BD1C4CD1F300DC634B /* YXBJCollectionViewCell.h */ = {isa = PBXFileReference; fileEncoding = 4; lastKnownFileType = sourcecode.c.h; path = YXBJCollectionViewCell.h; sourceTree = "<group>"; };
		8B3173BE1C4CD1F300DC634B /* YXBJCollectionViewCell.m */ = {isa = PBXFileReference; fileEncoding = 4; lastKnownFileType = sourcecode.c.objc; path = YXBJCollectionViewCell.m; sourceTree = "<group>"; };
		8B3173BF1C4CD1F300DC634B /* YXBJCollectionViewCell.xib */ = {isa = PBXFileReference; fileEncoding = 4; lastKnownFileType = file.xib; path = YXBJCollectionViewCell.xib; sourceTree = "<group>"; };
		8B3173C21C4CD22500DC634B /* YXBJTransition.h */ = {isa = PBXFileReference; fileEncoding = 4; lastKnownFileType = sourcecode.c.h; path = YXBJTransition.h; sourceTree = "<group>"; };
		8B3173C31C4CD22500DC634B /* YXBJTransition.m */ = {isa = PBXFileReference; fileEncoding = 4; lastKnownFileType = sourcecode.c.objc; path = YXBJTransition.m; sourceTree = "<group>"; };
		8B3173C51C4CD56500DC634B /* NewYXBJDetailViewController.h */ = {isa = PBXFileReference; fileEncoding = 4; lastKnownFileType = sourcecode.c.h; path = NewYXBJDetailViewController.h; sourceTree = "<group>"; };
		8B3173C61C4CD56500DC634B /* NewYXBJDetailViewController.m */ = {isa = PBXFileReference; fileEncoding = 4; lastKnownFileType = sourcecode.c.objc; path = NewYXBJDetailViewController.m; sourceTree = "<group>"; };
		8B3173C71C4CD56500DC634B /* NewYXBJDetailViewController.xib */ = {isa = PBXFileReference; fileEncoding = 4; lastKnownFileType = file.xib; path = NewYXBJDetailViewController.xib; sourceTree = "<group>"; };
		8B3173CA1C4CE9F000DC634B /* YunisLearnDynamicFlowLayout.h */ = {isa = PBXFileReference; fileEncoding = 4; lastKnownFileType = sourcecode.c.h; path = YunisLearnDynamicFlowLayout.h; sourceTree = "<group>"; };
		8B3173CB1C4CE9F000DC634B /* YunisLearnDynamicFlowLayout.m */ = {isa = PBXFileReference; fileEncoding = 4; lastKnownFileType = sourcecode.c.objc; path = YunisLearnDynamicFlowLayout.m; sourceTree = "<group>"; };
		8B3173CE1C4DC0B500DC634B /* YunisTopShowHUD.h */ = {isa = PBXFileReference; fileEncoding = 4; lastKnownFileType = sourcecode.c.h; path = YunisTopShowHUD.h; sourceTree = "<group>"; };
		8B3173CF1C4DC0B500DC634B /* YunisTopShowHUD.m */ = {isa = PBXFileReference; fileEncoding = 4; lastKnownFileType = sourcecode.c.objc; path = YunisTopShowHUD.m; sourceTree = "<group>"; };
		8B3173D11C4DC51800DC634B /* YunisAlertViewController.h */ = {isa = PBXFileReference; fileEncoding = 4; lastKnownFileType = sourcecode.c.h; path = YunisAlertViewController.h; sourceTree = "<group>"; };
		8B3173D21C4DC51800DC634B /* YunisAlertViewController.m */ = {isa = PBXFileReference; fileEncoding = 4; lastKnownFileType = sourcecode.c.objc; path = YunisAlertViewController.m; sourceTree = "<group>"; };
		8B3173D41C4DC7D200DC634B /* UIImage+ImageEffects.h */ = {isa = PBXFileReference; fileEncoding = 4; lastKnownFileType = sourcecode.c.h; path = "UIImage+ImageEffects.h"; sourceTree = "<group>"; };
		8B3173D51C4DC7D200DC634B /* UIImage+ImageEffects.m */ = {isa = PBXFileReference; fileEncoding = 4; lastKnownFileType = sourcecode.c.objc; path = "UIImage+ImageEffects.m"; sourceTree = "<group>"; };
		8B3173D71C4E032400DC634B /* YunisAlertTitleView.h */ = {isa = PBXFileReference; fileEncoding = 4; lastKnownFileType = sourcecode.c.h; path = YunisAlertTitleView.h; sourceTree = "<group>"; };
		8B3173D81C4E032400DC634B /* YunisAlertTitleView.m */ = {isa = PBXFileReference; fileEncoding = 4; lastKnownFileType = sourcecode.c.objc; path = YunisAlertTitleView.m; sourceTree = "<group>"; };
		8B3173DA1C4E0D5600DC634B /* UIImageView+Reflect.h */ = {isa = PBXFileReference; fileEncoding = 4; lastKnownFileType = sourcecode.c.h; path = "UIImageView+Reflect.h"; sourceTree = "<group>"; };
		8B3173DB1C4E0D5600DC634B /* UIImageView+Reflect.m */ = {isa = PBXFileReference; fileEncoding = 4; lastKnownFileType = sourcecode.c.objc; path = "UIImageView+Reflect.m"; sourceTree = "<group>"; };
		8B3173DE1C4E17F700DC634B /* 半糖动画效果.rtf */ = {isa = PBXFileReference; fileEncoding = 4; lastKnownFileType = text.rtf; path = "半糖动画效果.rtf"; sourceTree = "<group>"; };
		8B3173E01C4E184A00DC634B /* BanTangViewController.h */ = {isa = PBXFileReference; fileEncoding = 4; lastKnownFileType = sourcecode.c.h; path = BanTangViewController.h; sourceTree = "<group>"; };
		8B3173E11C4E184A00DC634B /* BanTangViewController.m */ = {isa = PBXFileReference; fileEncoding = 4; lastKnownFileType = sourcecode.c.objc; path = BanTangViewController.m; sourceTree = "<group>"; };
		8B3173E21C4E184A00DC634B /* BanTangViewController.xib */ = {isa = PBXFileReference; fileEncoding = 4; lastKnownFileType = file.xib; path = BanTangViewController.xib; sourceTree = "<group>"; };
		8B3173E51C4E3B8300DC634B /* 断断续续需要看的东西.rtfd */ = {isa = PBXFileReference; fileEncoding = 4; lastKnownFileType = wrapper.rtfd; path = "断断续续需要看的东西.rtfd"; sourceTree = "<group>"; };
		8B3A2BF01C3CE85E001F4E93 /* YunisLearnAnimation.app */ = {isa = PBXFileReference; explicitFileType = wrapper.application; includeInIndex = 0; path = YunisLearnAnimation.app; sourceTree = BUILT_PRODUCTS_DIR; };
		8B3A2BF41C3CE85E001F4E93 /* main.m */ = {isa = PBXFileReference; lastKnownFileType = sourcecode.c.objc; path = main.m; sourceTree = "<group>"; };
		8B3A2BF61C3CE85E001F4E93 /* AppDelegate.h */ = {isa = PBXFileReference; lastKnownFileType = sourcecode.c.h; path = AppDelegate.h; sourceTree = "<group>"; };
		8B3A2BF71C3CE85E001F4E93 /* AppDelegate.m */ = {isa = PBXFileReference; lastKnownFileType = sourcecode.c.objc; path = AppDelegate.m; sourceTree = "<group>"; };
		8B3A2BF91C3CE85E001F4E93 /* ViewController.h */ = {isa = PBXFileReference; lastKnownFileType = sourcecode.c.h; path = ViewController.h; sourceTree = "<group>"; };
		8B3A2BFA1C3CE85E001F4E93 /* ViewController.m */ = {isa = PBXFileReference; lastKnownFileType = sourcecode.c.objc; path = ViewController.m; sourceTree = "<group>"; };
		8B3A2BFD1C3CE85E001F4E93 /* Base */ = {isa = PBXFileReference; lastKnownFileType = file.storyboard; name = Base; path = Base.lproj/Main.storyboard; sourceTree = "<group>"; };
		8B3A2BFF1C3CE85E001F4E93 /* Assets.xcassets */ = {isa = PBXFileReference; lastKnownFileType = folder.assetcatalog; path = Assets.xcassets; sourceTree = "<group>"; };
		8B3A2C021C3CE85E001F4E93 /* Base */ = {isa = PBXFileReference; lastKnownFileType = file.storyboard; name = Base; path = Base.lproj/LaunchScreen.storyboard; sourceTree = "<group>"; };
		8B3A2C041C3CE85E001F4E93 /* Info.plist */ = {isa = PBXFileReference; lastKnownFileType = text.plist.xml; path = Info.plist; sourceTree = "<group>"; };
		8B3A2C0B1C3CEB39001F4E93 /* CircleSpreadTransition.h */ = {isa = PBXFileReference; fileEncoding = 4; lastKnownFileType = sourcecode.c.h; path = CircleSpreadTransition.h; sourceTree = "<group>"; };
		8B3A2C0C1C3CEB39001F4E93 /* CircleSpreadTransition.m */ = {isa = PBXFileReference; fileEncoding = 4; lastKnownFileType = sourcecode.c.objc; path = CircleSpreadTransition.m; sourceTree = "<group>"; };
		8B3A2C0F1C3CF7AC001F4E93 /* UIColor+randomColor.h */ = {isa = PBXFileReference; fileEncoding = 4; lastKnownFileType = sourcecode.c.h; path = "UIColor+randomColor.h"; sourceTree = "<group>"; };
		8B3A2C101C3CF7AC001F4E93 /* UIColor+randomColor.m */ = {isa = PBXFileReference; fileEncoding = 4; lastKnownFileType = sourcecode.c.objc; path = "UIColor+randomColor.m"; sourceTree = "<group>"; };
		8B3A2C121C3D0062001F4E93 /* FollowWuYanZhu.h */ = {isa = PBXFileReference; fileEncoding = 4; lastKnownFileType = sourcecode.c.h; path = FollowWuYanZhu.h; sourceTree = "<group>"; };
		8B3A2C131C3D0062001F4E93 /* FollowWuYanZhu.m */ = {isa = PBXFileReference; fileEncoding = 4; lastKnownFileType = sourcecode.c.objc; path = FollowWuYanZhu.m; sourceTree = "<group>"; };
		8B3A2C141C3D0062001F4E93 /* FollowWuYanZhu.xib */ = {isa = PBXFileReference; fileEncoding = 4; lastKnownFileType = file.xib; path = FollowWuYanZhu.xib; sourceTree = "<group>"; };
		8B3A2C171C3D0832001F4E93 /* wuyanzu.jpg */ = {isa = PBXFileReference; lastKnownFileType = image.jpeg; path = wuyanzu.jpg; sourceTree = "<group>"; };
		8B3A2C191C3D0CC9001F4E93 /* TBAnimationButton.h */ = {isa = PBXFileReference; fileEncoding = 4; lastKnownFileType = sourcecode.c.h; path = TBAnimationButton.h; sourceTree = "<group>"; };
		8B3A2C1A1C3D0CC9001F4E93 /* TBAnimationButton.m */ = {isa = PBXFileReference; fileEncoding = 4; lastKnownFileType = sourcecode.c.objc; path = TBAnimationButton.m; sourceTree = "<group>"; };
		8B3CC15B1C3E34CA0071F6E5 /* UITableView+emptyView.h */ = {isa = PBXFileReference; fileEncoding = 4; lastKnownFileType = sourcecode.c.h; path = "UITableView+emptyView.h"; sourceTree = "<group>"; };
		8B3CC15C1C3E34CA0071F6E5 /* UITableView+emptyView.m */ = {isa = PBXFileReference; fileEncoding = 4; lastKnownFileType = sourcecode.c.objc; path = "UITableView+emptyView.m"; sourceTree = "<group>"; };
		8B3CC15E1C3E38920071F6E5 /* UITableViewCell+hideSeparatorLeftInset.h */ = {isa = PBXFileReference; fileEncoding = 4; lastKnownFileType = sourcecode.c.h; path = "UITableViewCell+hideSeparatorLeftInset.h"; sourceTree = "<group>"; };
		8B3CC15F1C3E38920071F6E5 /* UITableViewCell+hideSeparatorLeftInset.m */ = {isa = PBXFileReference; fileEncoding = 4; lastKnownFileType = sourcecode.c.objc; path = "UITableViewCell+hideSeparatorLeftInset.m"; sourceTree = "<group>"; };
		8B3CC1611C3E38B20071F6E5 /* UITableView+hideSeparatorLeftInset.h */ = {isa = PBXFileReference; fileEncoding = 4; lastKnownFileType = sourcecode.c.h; path = "UITableView+hideSeparatorLeftInset.h"; sourceTree = "<group>"; };
		8B3CC1621C3E38B20071F6E5 /* UITableView+hideSeparatorLeftInset.m */ = {isa = PBXFileReference; fileEncoding = 4; lastKnownFileType = sourcecode.c.objc; path = "UITableView+hideSeparatorLeftInset.m"; sourceTree = "<group>"; };
		8B3CC1681C3E47480071F6E5 /* Line.h */ = {isa = PBXFileReference; fileEncoding = 4; lastKnownFileType = sourcecode.c.h; path = Line.h; sourceTree = "<group>"; };
		8B3CC1691C3E47480071F6E5 /* Line.m */ = {isa = PBXFileReference; fileEncoding = 4; lastKnownFileType = sourcecode.c.objc; path = Line.m; sourceTree = "<group>"; };
		8B3CC16D1C3E4EBD0071F6E5 /* QQMusicViewController.h */ = {isa = PBXFileReference; fileEncoding = 4; lastKnownFileType = sourcecode.c.h; path = QQMusicViewController.h; sourceTree = "<group>"; };
		8B3CC16E1C3E4EBD0071F6E5 /* QQMusicViewController.m */ = {isa = PBXFileReference; fileEncoding = 4; lastKnownFileType = sourcecode.c.objc; path = QQMusicViewController.m; sourceTree = "<group>"; };
		8B3CC16F1C3E4EBD0071F6E5 /* QQMusicViewController.xib */ = {isa = PBXFileReference; fileEncoding = 4; lastKnownFileType = file.xib; path = QQMusicViewController.xib; sourceTree = "<group>"; };
		8B3CC1721C3E4F1C0071F6E5 /* InfoViewController.h */ = {isa = PBXFileReference; fileEncoding = 4; lastKnownFileType = sourcecode.c.h; path = InfoViewController.h; sourceTree = "<group>"; };
		8B3CC1731C3E4F1C0071F6E5 /* InfoViewController.m */ = {isa = PBXFileReference; fileEncoding = 4; lastKnownFileType = sourcecode.c.objc; path = InfoViewController.m; sourceTree = "<group>"; };
		8B3CC1771C3E508E0071F6E5 /* TransitionFromSecondToFirst.h */ = {isa = PBXFileReference; fileEncoding = 4; lastKnownFileType = sourcecode.c.h; path = TransitionFromSecondToFirst.h; sourceTree = "<group>"; };
		8B3CC1781C3E508E0071F6E5 /* TransitionFromSecondToFirst.m */ = {isa = PBXFileReference; fileEncoding = 4; lastKnownFileType = sourcecode.c.objc; path = TransitionFromSecondToFirst.m; sourceTree = "<group>"; };
		8B3CC1791C3E508E0071F6E5 /* TransitionFromFirstToSecond.h */ = {isa = PBXFileReference; fileEncoding = 4; lastKnownFileType = sourcecode.c.h; path = TransitionFromFirstToSecond.h; sourceTree = "<group>"; };
		8B3CC17A1C3E508E0071F6E5 /* TransitionFromFirstToSecond.m */ = {isa = PBXFileReference; fileEncoding = 4; lastKnownFileType = sourcecode.c.objc; path = TransitionFromFirstToSecond.m; sourceTree = "<group>"; };
		8B3CC17D1C3E53E20071F6E5 /* UIView+snapshot.h */ = {isa = PBXFileReference; fileEncoding = 4; lastKnownFileType = sourcecode.c.h; path = "UIView+snapshot.h"; sourceTree = "<group>"; };
		8B3CC17E1C3E53E20071F6E5 /* UIView+snapshot.m */ = {isa = PBXFileReference; fileEncoding = 4; lastKnownFileType = sourcecode.c.objc; path = "UIView+snapshot.m"; sourceTree = "<group>"; };
		8B3CC1821C3E601B0071F6E5 /* File */ = {isa = PBXFileReference; fileEncoding = 4; lastKnownFileType = text; path = File; sourceTree = "<group>"; };
		8B3CC1841C3E60D80071F6E5 /* 动画思路.rtf */ = {isa = PBXFileReference; fileEncoding = 4; lastKnownFileType = text.rtf; path = "动画思路.rtf"; sourceTree = "<group>"; };
		8B3CC1881C3E67A30071F6E5 /* 3d.rtfd */ = {isa = PBXFileReference; fileEncoding = 4; lastKnownFileType = wrapper.rtfd; path = 3d.rtfd; sourceTree = "<group>"; };
		8B3CC18A1C3E68FC0071F6E5 /* File.rtf */ = {isa = PBXFileReference; fileEncoding = 4; lastKnownFileType = text.rtf; path = File.rtf; sourceTree = "<group>"; };
		8B3CC18D1C3E69310071F6E5 /* 漂移.rtfd */ = {isa = PBXFileReference; fileEncoding = 4; lastKnownFileType = wrapper.rtfd; path = "漂移.rtfd"; sourceTree = "<group>"; };
		8B3CC1941C3E6A6D0071F6E5 /* Transition3DViewController.h */ = {isa = PBXFileReference; fileEncoding = 4; lastKnownFileType = sourcecode.c.h; path = Transition3DViewController.h; sourceTree = "<group>"; };
		8B3CC1951C3E6A6D0071F6E5 /* Transition3DViewController.m */ = {isa = PBXFileReference; fileEncoding = 4; lastKnownFileType = sourcecode.c.objc; path = Transition3DViewController.m; sourceTree = "<group>"; };
		8B3CC1961C3E6A6D0071F6E5 /* Transition3DViewController.xib */ = {isa = PBXFileReference; fileEncoding = 4; lastKnownFileType = file.xib; path = Transition3DViewController.xib; sourceTree = "<group>"; };
		8B3CC1991C3E6A9C0071F6E5 /* TwoTransitionViewController.h */ = {isa = PBXFileReference; fileEncoding = 4; lastKnownFileType = sourcecode.c.h; path = TwoTransitionViewController.h; sourceTree = "<group>"; };
		8B3CC19A1C3E6A9C0071F6E5 /* TwoTransitionViewController.m */ = {isa = PBXFileReference; fileEncoding = 4; lastKnownFileType = sourcecode.c.objc; path = TwoTransitionViewController.m; sourceTree = "<group>"; };
		8B3CC19B1C3E6A9C0071F6E5 /* TwoTransitionViewController.xib */ = {isa = PBXFileReference; fileEncoding = 4; lastKnownFileType = file.xib; path = TwoTransitionViewController.xib; sourceTree = "<group>"; };
		8B3CC19F1C3E6C080071F6E5 /* 点击圆形转场.rtf */ = {isa = PBXFileReference; fileEncoding = 4; lastKnownFileType = text.rtf; path = "点击圆形转场.rtf"; sourceTree = "<group>"; };
		8B3CC1A21C3E6D5C0071F6E5 /* 1.jpg */ = {isa = PBXFileReference; lastKnownFileType = image.jpeg; path = 1.jpg; sourceTree = "<group>"; };
		8B3CC1A31C3E6D5C0071F6E5 /* 2.jpg */ = {isa = PBXFileReference; lastKnownFileType = image.jpeg; path = 2.jpg; sourceTree = "<group>"; };
		8B3CC1A41C3E6D5C0071F6E5 /* 3.jpg */ = {isa = PBXFileReference; lastKnownFileType = image.jpeg; path = 3.jpg; sourceTree = "<group>"; };
		8B3CC1A51C3E6D5C0071F6E5 /* 4.jpg */ = {isa = PBXFileReference; lastKnownFileType = image.jpeg; path = 4.jpg; sourceTree = "<group>"; };
		8B3CC1A61C3E6D5C0071F6E5 /* 5.jpg */ = {isa = PBXFileReference; lastKnownFileType = image.jpeg; path = 5.jpg; sourceTree = "<group>"; };
		8B3CC1A71C3E6D5C0071F6E5 /* 6.jpg */ = {isa = PBXFileReference; lastKnownFileType = image.jpeg; path = 6.jpg; sourceTree = "<group>"; };
		8B3CC1A81C3E6D5C0071F6E5 /* 7.jpg */ = {isa = PBXFileReference; lastKnownFileType = image.jpeg; path = 7.jpg; sourceTree = "<group>"; };
		8B3CC1A91C3E6D5C0071F6E5 /* 8.jpg */ = {isa = PBXFileReference; lastKnownFileType = image.jpeg; path = 8.jpg; sourceTree = "<group>"; };
		8B3CC1AA1C3E6D5C0071F6E5 /* 9.jpg */ = {isa = PBXFileReference; lastKnownFileType = image.jpeg; path = 9.jpg; sourceTree = "<group>"; };
		8B4F9D641C55C63A00F552D7 /* BannnerMaskView.h */ = {isa = PBXFileReference; fileEncoding = 4; lastKnownFileType = sourcecode.c.h; path = BannnerMaskView.h; sourceTree = "<group>"; };
		8B4F9D651C55C63A00F552D7 /* BannnerMaskView.m */ = {isa = PBXFileReference; fileEncoding = 4; lastKnownFileType = sourcecode.c.objc; path = BannnerMaskView.m; sourceTree = "<group>"; };
		8B4F9D671C561BF300F552D7 /* snow.jpg */ = {isa = PBXFileReference; lastKnownFileType = image.jpeg; path = snow.jpg; sourceTree = "<group>"; };
		8B4F9D6C1C57407E00F552D7 /* LightHomeBasePage.h */ = {isa = PBXFileReference; fileEncoding = 4; lastKnownFileType = sourcecode.c.h; path = LightHomeBasePage.h; sourceTree = "<group>"; };
		8B4F9D6D1C57407E00F552D7 /* LightHomeBasePage.m */ = {isa = PBXFileReference; fileEncoding = 4; lastKnownFileType = sourcecode.c.objc; path = LightHomeBasePage.m; sourceTree = "<group>"; };
		8B4F9D6F1C5746BC00F552D7 /* BannerImageView.h */ = {isa = PBXFileReference; fileEncoding = 4; lastKnownFileType = sourcecode.c.h; path = BannerImageView.h; sourceTree = "<group>"; };
		8B4F9D701C5746BC00F552D7 /* BannerImageView.m */ = {isa = PBXFileReference; fileEncoding = 4; lastKnownFileType = sourcecode.c.objc; path = BannerImageView.m; sourceTree = "<group>"; };
		8B4F9D9F1C58548800F552D7 /* LightSunViewController.h */ = {isa = PBXFileReference; fileEncoding = 4; lastKnownFileType = sourcecode.c.h; path = LightSunViewController.h; sourceTree = "<group>"; };
		8B4F9DA01C58548800F552D7 /* LightSunViewController.m */ = {isa = PBXFileReference; fileEncoding = 4; lastKnownFileType = sourcecode.c.objc; path = LightSunViewController.m; sourceTree = "<group>"; };
		8B4F9DA11C58548800F552D7 /* LightSunViewController.xib */ = {isa = PBXFileReference; fileEncoding = 4; lastKnownFileType = file.xib; path = LightSunViewController.xib; sourceTree = "<group>"; };
		8B4F9DA41C58552100F552D7 /* RoundAnimationView.h */ = {isa = PBXFileReference; fileEncoding = 4; lastKnownFileType = sourcecode.c.h; path = RoundAnimationView.h; sourceTree = "<group>"; };
		8B4F9DA51C58552100F552D7 /* RoundAnimationView.m */ = {isa = PBXFileReference; fileEncoding = 4; lastKnownFileType = sourcecode.c.objc; path = RoundAnimationView.m; sourceTree = "<group>"; };
		8B4F9DA71C58556C00F552D7 /* SunMoonView.h */ = {isa = PBXFileReference; fileEncoding = 4; lastKnownFileType = sourcecode.c.h; path = SunMoonView.h; sourceTree = "<group>"; };
		8B4F9DA81C58556C00F552D7 /* SunMoonView.m */ = {isa = PBXFileReference; fileEncoding = 4; lastKnownFileType = sourcecode.c.objc; path = SunMoonView.m; sourceTree = "<group>"; };
		8B4F9DAA1C58564700F552D7 /* RoundView.h */ = {isa = PBXFileReference; fileEncoding = 4; lastKnownFileType = sourcecode.c.h; path = RoundView.h; sourceTree = "<group>"; };
		8B4F9DAB1C58564700F552D7 /* RoundView.m */ = {isa = PBXFileReference; fileEncoding = 4; lastKnownFileType = sourcecode.c.objc; path = RoundView.m; sourceTree = "<group>"; };
		8B4F9DAD1C58A68E00F552D7 /* Sun.png */ = {isa = PBXFileReference; lastKnownFileType = image.png; name = Sun.png; path = YunisLearnAnimation/Source/Sun.png; sourceTree = SOURCE_ROOT; };
		8B89BF1E1C51BAB600E66F0D /* Light下拉首页图片变形.rtf */ = {isa = PBXFileReference; fileEncoding = 4; lastKnownFileType = text.rtf; path = "Light下拉首页图片变形.rtf"; sourceTree = "<group>"; };
		8B89BF251C51BB5800E66F0D /* PullTableViewController.h */ = {isa = PBXFileReference; fileEncoding = 4; lastKnownFileType = sourcecode.c.h; path = PullTableViewController.h; sourceTree = "<group>"; };
		8B89BF261C51BB5800E66F0D /* PullTableViewController.m */ = {isa = PBXFileReference; fileEncoding = 4; lastKnownFileType = sourcecode.c.objc; path = PullTableViewController.m; sourceTree = "<group>"; };
		8B89BF291C51C0D700E66F0D /* MBTwitterScroll.h */ = {isa = PBXFileReference; fileEncoding = 4; lastKnownFileType = sourcecode.c.h; path = MBTwitterScroll.h; sourceTree = "<group>"; };
		8B89BF2A1C51C0D700E66F0D /* MBTwitterScroll.m */ = {isa = PBXFileReference; fileEncoding = 4; lastKnownFileType = sourcecode.c.objc; path = MBTwitterScroll.m; sourceTree = "<group>"; };
		8B89BF2C1C51C0D700E66F0D /* UIScrollView+TwitterCover.h */ = {isa = PBXFileReference; fileEncoding = 4; lastKnownFileType = sourcecode.c.h; path = "UIScrollView+TwitterCover.h"; sourceTree = "<group>"; };
		8B89BF2D1C51C0D700E66F0D /* UIScrollView+TwitterCover.m */ = {isa = PBXFileReference; fileEncoding = 4; lastKnownFileType = sourcecode.c.objc; path = "UIScrollView+TwitterCover.m"; sourceTree = "<group>"; };
		8B89BF301C51D7C600E66F0D /* UIView+layer.h */ = {isa = PBXFileReference; fileEncoding = 4; lastKnownFileType = sourcecode.c.h; path = "UIView+layer.h"; sourceTree = "<group>"; };
		8B89BF311C51D7C600E66F0D /* UIView+layer.m */ = {isa = PBXFileReference; fileEncoding = 4; lastKnownFileType = sourcecode.c.objc; path = "UIView+layer.m"; sourceTree = "<group>"; };
		8B89BF351C5217BA00E66F0D /* CircleInfo.h */ = {isa = PBXFileReference; fileEncoding = 4; lastKnownFileType = sourcecode.c.h; path = CircleInfo.h; sourceTree = "<group>"; };
		8B89BF361C5217BA00E66F0D /* CircleInfo.m */ = {isa = PBXFileReference; fileEncoding = 4; lastKnownFileType = sourcecode.c.objc; path = CircleInfo.m; sourceTree = "<group>"; };
		8BA0F6EF1C9001A100F735F3 /* 仪表盘.rtf */ = {isa = PBXFileReference; fileEncoding = 4; lastKnownFileType = text.rtf; path = "仪表盘.rtf"; sourceTree = "<group>"; };
		8BA0F6F11C90022F00F735F3 /* DashBoardViewController.h */ = {isa = PBXFileReference; fileEncoding = 4; lastKnownFileType = sourcecode.c.h; path = DashBoardViewController.h; sourceTree = "<group>"; };
		8BA0F6F21C90022F00F735F3 /* DashBoardViewController.m */ = {isa = PBXFileReference; fileEncoding = 4; lastKnownFileType = sourcecode.c.objc; path = DashBoardViewController.m; sourceTree = "<group>"; };
		8BA0F6F31C90022F00F735F3 /* DashBoardViewController.xib */ = {isa = PBXFileReference; fileEncoding = 4; lastKnownFileType = file.xib; path = DashBoardViewController.xib; sourceTree = "<group>"; };
		8BA0F6F61C900FAA00F735F3 /* PanelView.h */ = {isa = PBXFileReference; fileEncoding = 4; lastKnownFileType = sourcecode.c.h; path = PanelView.h; sourceTree = "<group>"; };
		8BA0F6F71C900FAA00F735F3 /* PanelView.m */ = {isa = PBXFileReference; fileEncoding = 4; lastKnownFileType = sourcecode.c.objc; path = PanelView.m; sourceTree = "<group>"; };
		8BF8F0B31C3F3B1A00C9B9FB /* BaseTransitionObject.h */ = {isa = PBXFileReference; fileEncoding = 4; lastKnownFileType = sourcecode.c.h; path = BaseTransitionObject.h; sourceTree = "<group>"; };
		8BF8F0B41C3F3B1A00C9B9FB /* BaseTransitionObject.m */ = {isa = PBXFileReference; fileEncoding = 4; lastKnownFileType = sourcecode.c.objc; path = BaseTransitionObject.m; sourceTree = "<group>"; };
		8BF8F0B71C3F545000C9B9FB /* 另一种画线方式.rtf */ = {isa = PBXFileReference; fileEncoding = 4; lastKnownFileType = text.rtf; path = "另一种画线方式.rtf"; sourceTree = "<group>"; };
		8BF8F0B91C3F54E100C9B9FB /* OtherDrawLineViewController.h */ = {isa = PBXFileReference; fileEncoding = 4; lastKnownFileType = sourcecode.c.h; path = OtherDrawLineViewController.h; sourceTree = "<group>"; };
		8BF8F0BA1C3F54E100C9B9FB /* OtherDrawLineViewController.m */ = {isa = PBXFileReference; fileEncoding = 4; lastKnownFileType = sourcecode.c.objc; path = OtherDrawLineViewController.m; sourceTree = "<group>"; };
		8BF8F0BB1C3F54E100C9B9FB /* OtherDrawLineViewController.xib */ = {isa = PBXFileReference; fileEncoding = 4; lastKnownFileType = file.xib; path = OtherDrawLineViewController.xib; sourceTree = "<group>"; };
		8BF8F0BE1C3F564C00C9B9FB /* 学习彦祖类似购物车动画.rtf */ = {isa = PBXFileReference; fileEncoding = 4; lastKnownFileType = text.rtf; path = "学习彦祖类似购物车动画.rtf"; sourceTree = "<group>"; };
		8BF8F0C01C3F5BA500C9B9FB /* BaseEditView.h */ = {isa = PBXFileReference; fileEncoding = 4; lastKnownFileType = sourcecode.c.h; path = BaseEditView.h; sourceTree = "<group>"; };
		8BF8F0C11C3F5BA500C9B9FB /* BaseEditView.m */ = {isa = PBXFileReference; fileEncoding = 4; lastKnownFileType = sourcecode.c.objc; path = BaseEditView.m; sourceTree = "<group>"; };
		8BF8F0C31C3F5F7300C9B9FB /* UIView+Controller.h */ = {isa = PBXFileReference; fileEncoding = 4; lastKnownFileType = sourcecode.c.h; path = "UIView+Controller.h"; sourceTree = "<group>"; };
		8BF8F0C41C3F5F7300C9B9FB /* UIView+Controller.m */ = {isa = PBXFileReference; fileEncoding = 4; lastKnownFileType = sourcecode.c.objc; path = "UIView+Controller.m"; sourceTree = "<group>"; };
		8BF8F0C61C3F605800C9B9FB /* DrawLineView.h */ = {isa = PBXFileReference; fileEncoding = 4; lastKnownFileType = sourcecode.c.h; path = DrawLineView.h; sourceTree = "<group>"; };
		8BF8F0C71C3F605800C9B9FB /* DrawLineView.m */ = {isa = PBXFileReference; fileEncoding = 4; lastKnownFileType = sourcecode.c.objc; path = DrawLineView.m; sourceTree = "<group>"; };
		8BF8F0C91C3F636B00C9B9FB /* UIButton+block.h */ = {isa = PBXFileReference; fileEncoding = 4; lastKnownFileType = sourcecode.c.h; path = "UIButton+block.h"; sourceTree = "<group>"; };
		8BF8F0CA1C3F636B00C9B9FB /* UIButton+block.m */ = {isa = PBXFileReference; fileEncoding = 4; lastKnownFileType = sourcecode.c.objc; path = "UIButton+block.m"; sourceTree = "<group>"; };
		8BF8F0CC1C3F88C800C9B9FB /* DrawBezierPath.h */ = {isa = PBXFileReference; fileEncoding = 4; lastKnownFileType = sourcecode.c.h; path = DrawBezierPath.h; sourceTree = "<group>"; };
		8BF8F0CD1C3F88C800C9B9FB /* DrawBezierPath.m */ = {isa = PBXFileReference; fileEncoding = 4; lastKnownFileType = sourcecode.c.objc; path = DrawBezierPath.m; sourceTree = "<group>"; };
		8BF97B4D1CA4DF19004C76A6 /* MenuTableViewController.h */ = {isa = PBXFileReference; fileEncoding = 4; lastKnownFileType = sourcecode.c.h; path = MenuTableViewController.h; sourceTree = "<group>"; };
		8BF97B4E1CA4DF19004C76A6 /* MenuTableViewController.m */ = {isa = PBXFileReference; fileEncoding = 4; lastKnownFileType = sourcecode.c.objc; path = MenuTableViewController.m; sourceTree = "<group>"; };
		8BF97B4F1CA4DF19004C76A6 /* YunisCollectionViewController.h */ = {isa = PBXFileReference; fileEncoding = 4; lastKnownFileType = sourcecode.c.h; path = YunisCollectionViewController.h; sourceTree = "<group>"; };
		8BF97B501CA4DF19004C76A6 /* YunisCollectionViewController.m */ = {isa = PBXFileReference; fileEncoding = 4; lastKnownFileType = sourcecode.c.objc; path = YunisCollectionViewController.m; sourceTree = "<group>"; };
		8BF97B511CA4DF19004C76A6 /* YunisLayout.h */ = {isa = PBXFileReference; fileEncoding = 4; lastKnownFileType = sourcecode.c.h; path = YunisLayout.h; sourceTree = "<group>"; };
		8BF97B521CA4DF19004C76A6 /* YunisLayout.m */ = {isa = PBXFileReference; fileEncoding = 4; lastKnownFileType = sourcecode.c.objc; path = YunisLayout.m; sourceTree = "<group>"; };
		8BF97B531CA4DF19004C76A6 /* YunisCollectionViewCell.h */ = {isa = PBXFileReference; fileEncoding = 4; lastKnownFileType = sourcecode.c.h; path = YunisCollectionViewCell.h; sourceTree = "<group>"; };
		8BF97B541CA4DF19004C76A6 /* YunisCollectionViewCell.m */ = {isa = PBXFileReference; fileEncoding = 4; lastKnownFileType = sourcecode.c.objc; path = YunisCollectionViewCell.m; sourceTree = "<group>"; };
		8BF97B551CA4DF19004C76A6 /* YunisCollectionViewCell.xib */ = {isa = PBXFileReference; fileEncoding = 4; lastKnownFileType = file.xib; path = YunisCollectionViewCell.xib; sourceTree = "<group>"; };
		8BF97B5B1CA53433004C76A6 /* WillWork.rtf */ = {isa = PBXFileReference; fileEncoding = 4; lastKnownFileType = text.rtf; path = WillWork.rtf; sourceTree = "<group>"; };
/* End PBXFileReference section */

/* Begin PBXFrameworksBuildPhase section */
		8B3A2BED1C3CE85E001F4E93 /* Frameworks */ = {
			isa = PBXFrameworksBuildPhase;
			buildActionMask = 2147483647;
			files = (
			);
			runOnlyForDeploymentPostprocessing = 0;
		};
/* End PBXFrameworksBuildPhase section */

/* Begin PBXGroup section */
		78A520D51C3DA79000D8F8A5 /* 学习彦祖类似购物车动画 */ = {
			isa = PBXGroup;
			children = (
				8BF8F0BE1C3F564C00C9B9FB /* 学习彦祖类似购物车动画.rtf */,
				8B3A2C121C3D0062001F4E93 /* FollowWuYanZhu.h */,
				8B3A2C131C3D0062001F4E93 /* FollowWuYanZhu.m */,
				8B3A2C191C3D0CC9001F4E93 /* TBAnimationButton.h */,
				8B3A2C1A1C3D0CC9001F4E93 /* TBAnimationButton.m */,
				8B3A2C171C3D0832001F4E93 /* wuyanzu.jpg */,
				8B3A2C141C3D0062001F4E93 /* FollowWuYanZhu.xib */,
			);
			name = "学习彦祖类似购物车动画";
			sourceTree = "<group>";
		};
		78A520D61C3DB09100D8F8A5 /* 简单的画线与路径动画 */ = {
			isa = PBXGroup;
			children = (
				78A520D71C3DB12200D8F8A5 /* DrawLineViewController.h */,
				78A520D81C3DB12200D8F8A5 /* DrawLineViewController.m */,
				78A520D91C3DB12200D8F8A5 /* DrawLineViewController.xib */,
				78A520DC1C3DB4DD00D8F8A5 /* DramVIew.h */,
				78A520DD1C3DB4DE00D8F8A5 /* DramVIew.m */,
				78A521011C3DB6F600D8F8A5 /* DrawSettingView.h */,
				78A521021C3DB6F600D8F8A5 /* DrawSettingView.m */,
				8B3CC1681C3E47480071F6E5 /* Line.h */,
				8B3CC1691C3E47480071F6E5 /* Line.m */,
			);
			name = "简单的画线与路径动画";
			sourceTree = "<group>";
		};
		78A520DF1C3DB52600D8F8A5 /* Masonry */ = {
			isa = PBXGroup;
			children = (
				78A520E01C3DB52600D8F8A5 /* MASCompositeConstraint.h */,
				78A520E11C3DB52600D8F8A5 /* MASCompositeConstraint.m */,
				78A520E21C3DB52600D8F8A5 /* MASConstraint+Private.h */,
				78A520E31C3DB52600D8F8A5 /* MASConstraint.h */,
				78A520E41C3DB52600D8F8A5 /* MASConstraint.m */,
				78A520E51C3DB52600D8F8A5 /* MASConstraintMaker.h */,
				78A520E61C3DB52600D8F8A5 /* MASConstraintMaker.m */,
				78A520E71C3DB52600D8F8A5 /* MASLayoutConstraint.h */,
				78A520E81C3DB52600D8F8A5 /* MASLayoutConstraint.m */,
				78A520E91C3DB52600D8F8A5 /* Masonry.h */,
				78A520EA1C3DB52600D8F8A5 /* MASUtilities.h */,
				78A520EB1C3DB52600D8F8A5 /* MASViewAttribute.h */,
				78A520EC1C3DB52600D8F8A5 /* MASViewAttribute.m */,
				78A520ED1C3DB52600D8F8A5 /* MASViewConstraint.h */,
				78A520EE1C3DB52600D8F8A5 /* MASViewConstraint.m */,
				78A520EF1C3DB52600D8F8A5 /* NSArray+MASAdditions.h */,
				78A520F01C3DB52600D8F8A5 /* NSArray+MASAdditions.m */,
				78A520F11C3DB52600D8F8A5 /* NSArray+MASShorthandAdditions.h */,
				78A520F21C3DB52600D8F8A5 /* NSLayoutConstraint+MASDebugAdditions.h */,
				78A520F31C3DB52600D8F8A5 /* NSLayoutConstraint+MASDebugAdditions.m */,
				78A520F41C3DB52600D8F8A5 /* View+MASAdditions.h */,
				78A520F51C3DB52600D8F8A5 /* View+MASAdditions.m */,
				78A520F61C3DB52600D8F8A5 /* View+MASShorthandAdditions.h */,
			);
			path = Masonry;
			sourceTree = "<group>";
		};
		8B0019571C47418300805B5D /* Public */ = {
			isa = PBXGroup;
			children = (
				8B0019581C4741F300805B5D /* ManageTransitionAnimation.h */,
				8B0019591C4741F300805B5D /* ManageTransitionAnimation.m */,
				8B89BF351C5217BA00E66F0D /* CircleInfo.h */,
				8B89BF361C5217BA00E66F0D /* CircleInfo.m */,
			);
			name = Public;
			sourceTree = "<group>";
		};
		8B00195B1C476CB900805B5D /* 系统动画旋转角度的思考 */ = {
			isa = PBXGroup;
			children = (
				8B00195C1C476D0700805B5D /* SystemAnimationViewController.h */,
				8B00195D1C476D0700805B5D /* SystemAnimationViewController.m */,
				8B00195E1C476D0700805B5D /* SystemAnimationViewController.xib */,
			);
			name = "系统动画旋转角度的思考";
			sourceTree = "<group>";
		};
		8B1601E11CAA780B009A13CF /* RACollectionViewReorderableTripletLayout */ = {
			isa = PBXGroup;
			children = (
				8B1601E21CAA780B009A13CF /* RACollectionViewReorderableTripletLayout.h */,
				8B1601E31CAA780B009A13CF /* RACollectionViewReorderableTripletLayout.m */,
				8B1601E41CAA780B009A13CF /* RACollectionViewTripletLayout.h */,
				8B1601E51CAA780B009A13CF /* RACollectionViewTripletLayout.m */,
			);
			path = RACollectionViewReorderableTripletLayout;
			sourceTree = "<group>";
		};
		8B17D4841D1BC8FD002EC093 /* 组合动画 */ = {
			isa = PBXGroup;
			children = (
				8B17D4851D1BC93E002EC093 /* GroupViewController.h */,
				8B17D4861D1BC93E002EC093 /* GroupViewController.m */,
			);
			name = "组合动画";
			sourceTree = "<group>";
		};
		8B3173B41C4CCB3D00DC634B /* 印象笔记动画效果OC版本 */ = {
			isa = PBXGroup;
			children = (
				8B3173B51C4CCB7000DC634B /* 印象笔记动画效果OC版本.rtf */,
				8B3173B71C4CCBED00DC634B /* YinXiangBiJiViewController.h */,
				8B3173B81C4CCBED00DC634B /* YinXiangBiJiViewController.m */,
				8B3173C51C4CD56500DC634B /* NewYXBJDetailViewController.h */,
				8B3173C61C4CD56500DC634B /* NewYXBJDetailViewController.m */,
				8B3173C71C4CD56500DC634B /* NewYXBJDetailViewController.xib */,
				8B3173BA1C4CCCA400DC634B /* YXBJCellLayout.h */,
				8B3173BB1C4CCCA400DC634B /* YXBJCellLayout.m */,
				8B3173CA1C4CE9F000DC634B /* YunisLearnDynamicFlowLayout.h */,
				8B3173CB1C4CE9F000DC634B /* YunisLearnDynamicFlowLayout.m */,
				8B3173C21C4CD22500DC634B /* YXBJTransition.h */,
				8B3173C31C4CD22500DC634B /* YXBJTransition.m */,
				8B3173BD1C4CD1F300DC634B /* YXBJCollectionViewCell.h */,
				8B3173BE1C4CD1F300DC634B /* YXBJCollectionViewCell.m */,
				8B3173BF1C4CD1F300DC634B /* YXBJCollectionViewCell.xib */,
			);
			name = "印象笔记动画效果OC版本";
			sourceTree = "<group>";
		};
		8B3173CD1C4DC05C00DC634B /* 仿light弹出提示框 */ = {
			isa = PBXGroup;
			children = (
				8B3173D11C4DC51800DC634B /* YunisAlertViewController.h */,
				8B3173D21C4DC51800DC634B /* YunisAlertViewController.m */,
				8B3173CE1C4DC0B500DC634B /* YunisTopShowHUD.h */,
				8B3173CF1C4DC0B500DC634B /* YunisTopShowHUD.m */,
				8B3173D71C4E032400DC634B /* YunisAlertTitleView.h */,
				8B3173D81C4E032400DC634B /* YunisAlertTitleView.m */,
			);
			name = "仿light弹出提示框";
			sourceTree = "<group>";
		};
		8B3173DD1C4E17B500DC634B /* 半糖动画效果 */ = {
			isa = PBXGroup;
			children = (
				8B3173DE1C4E17F700DC634B /* 半糖动画效果.rtf */,
				8B3173E01C4E184A00DC634B /* BanTangViewController.h */,
				8B3173E11C4E184A00DC634B /* BanTangViewController.m */,
				8B3173E21C4E184A00DC634B /* BanTangViewController.xib */,
			);
			name = "半糖动画效果";
			sourceTree = "<group>";
		};
		8B3A2BE71C3CE85E001F4E93 = {
			isa = PBXGroup;
			children = (
				8B3A2BF21C3CE85E001F4E93 /* YunisLearnAnimation */,
				8B3A2BF11C3CE85E001F4E93 /* Products */,
			);
			sourceTree = "<group>";
		};
		8B3A2BF11C3CE85E001F4E93 /* Products */ = {
			isa = PBXGroup;
			children = (
				8B3A2BF01C3CE85E001F4E93 /* YunisLearnAnimation.app */,
			);
			name = Products;
			sourceTree = "<group>";
		};
		8B3A2BF21C3CE85E001F4E93 /* YunisLearnAnimation */ = {
			isa = PBXGroup;
			children = (
				8B3A2BF61C3CE85E001F4E93 /* AppDelegate.h */,
				8B3A2BF71C3CE85E001F4E93 /* AppDelegate.m */,
				8B3A2BF91C3CE85E001F4E93 /* ViewController.h */,
				8B3A2BFA1C3CE85E001F4E93 /* ViewController.m */,
				8B3CC1821C3E601B0071F6E5 /* File */,
				8BF97B5B1CA53433004C76A6 /* WillWork.rtf */,
				8B3173E51C4E3B8300DC634B /* 断断续续需要看的东西.rtfd */,
				8B3A2C0E1C3CF797001F4E93 /* Category */,
				8B3A2C0A1C3CEAD7001F4E93 /* Animation */,
				8B3A2BFC1C3CE85E001F4E93 /* Main.storyboard */,
				8B3A2BFF1C3CE85E001F4E93 /* Assets.xcassets */,
				8B3A2C011C3CE85E001F4E93 /* LaunchScreen.storyboard */,
				8B3A2C041C3CE85E001F4E93 /* Info.plist */,
				8B3A2BF31C3CE85E001F4E93 /* Supporting Files */,
			);
			path = YunisLearnAnimation;
			sourceTree = "<group>";
		};
		8B3A2BF31C3CE85E001F4E93 /* Supporting Files */ = {
			isa = PBXGroup;
			children = (
				8B3CC1A11C3E6D5C0071F6E5 /* Source */,
				78A520DF1C3DB52600D8F8A5 /* Masonry */,
				8B3A2BF41C3CE85E001F4E93 /* main.m */,
				78A521001C3DB53D00D8F8A5 /* YunisPch.pch */,
			);
			name = "Supporting Files";
			sourceTree = "<group>";
		};
		8B3A2C0A1C3CEAD7001F4E93 /* Animation */ = {
			isa = PBXGroup;
			children = (
				8B0019571C47418300805B5D /* Public */,
				8B3CC16C1C3E4DE40071F6E5 /* 点击显示扩散动画 */,
				78A520D51C3DA79000D8F8A5 /* 学习彦祖类似购物车动画 */,
				78A520D61C3DB09100D8F8A5 /* 简单的画线与路径动画 */,
				8B3CC16B1C3E4D990071F6E5 /* 学习彦祖qq音乐转场动画 */,
				8B3CC1871C3E678E0071F6E5 /* 3D转场 */,
				8BF8F0B61C3F543300C9B9FB /* 另一种画线方式 */,
				8B00195B1C476CB900805B5D /* 系统动画旋转角度的思考 */,
				8B3173B41C4CCB3D00DC634B /* 印象笔记动画效果OC版本 */,
				8B3173CD1C4DC05C00DC634B /* 仿light弹出提示框 */,
				8B3173DD1C4E17B500DC634B /* 半糖动画效果 */,
				8B89BF1D1C51BA8D00E66F0D /* Light下拉首页图片变形 */,
				8B4F9D9E1C58544400F552D7 /* light太阳运行动画 */,
				8BA0F6EE1C90018500F735F3 /* 仪表盘 */,
				8B3CC1861C3E66B30071F6E5 /* 点击漂移转场 */,
				8B3CC19E1C3E6BED0071F6E5 /* 点击圆形转场 */,
				8B3CC18C1C3E69200071F6E5 /* 点击漂移转场 */,
				8BF97B4C1CA4DEDA004C76A6 /* UICollectionView */,
				8B17D4841D1BC8FD002EC093 /* 组合动画 */,
				8BF8F0B31C3F3B1A00C9B9FB /* BaseTransitionObject.h */,
				8BF8F0B41C3F3B1A00C9B9FB /* BaseTransitionObject.m */,
			);
			path = Animation;
			sourceTree = "<group>";
		};
		8B3A2C0E1C3CF797001F4E93 /* Category */ = {
			isa = PBXGroup;
			children = (
				8B3173DA1C4E0D5600DC634B /* UIImageView+Reflect.h */,
				8B3173DB1C4E0D5600DC634B /* UIImageView+Reflect.m */,
				8B3173D41C4DC7D200DC634B /* UIImage+ImageEffects.h */,
				8B3173D51C4DC7D200DC634B /* UIImage+ImageEffects.m */,
				8B3A2C0F1C3CF7AC001F4E93 /* UIColor+randomColor.h */,
				8B3A2C101C3CF7AC001F4E93 /* UIColor+randomColor.m */,
				8B3CC15B1C3E34CA0071F6E5 /* UITableView+emptyView.h */,
				8B3CC15C1C3E34CA0071F6E5 /* UITableView+emptyView.m */,
				8B3CC15E1C3E38920071F6E5 /* UITableViewCell+hideSeparatorLeftInset.h */,
				8B3CC15F1C3E38920071F6E5 /* UITableViewCell+hideSeparatorLeftInset.m */,
				8B3CC1611C3E38B20071F6E5 /* UITableView+hideSeparatorLeftInset.h */,
				8B3CC1621C3E38B20071F6E5 /* UITableView+hideSeparatorLeftInset.m */,
				8B3CC17D1C3E53E20071F6E5 /* UIView+snapshot.h */,
				8B3CC17E1C3E53E20071F6E5 /* UIView+snapshot.m */,
				8BF8F0C31C3F5F7300C9B9FB /* UIView+Controller.h */,
				8BF8F0C41C3F5F7300C9B9FB /* UIView+Controller.m */,
				8BF8F0C91C3F636B00C9B9FB /* UIButton+block.h */,
				8BF8F0CA1C3F636B00C9B9FB /* UIButton+block.m */,
				8B89BF301C51D7C600E66F0D /* UIView+layer.h */,
				8B89BF311C51D7C600E66F0D /* UIView+layer.m */,
			);
			path = Category;
			sourceTree = "<group>";
		};
		8B3CC16B1C3E4D990071F6E5 /* 学习彦祖qq音乐转场动画 */ = {
			isa = PBXGroup;
			children = (
				8B3CC1841C3E60D80071F6E5 /* 动画思路.rtf */,
				8B3CC1771C3E508E0071F6E5 /* TransitionFromSecondToFirst.h */,
				8B3CC1781C3E508E0071F6E5 /* TransitionFromSecondToFirst.m */,
				8B3CC1791C3E508E0071F6E5 /* TransitionFromFirstToSecond.h */,
				8B3CC17A1C3E508E0071F6E5 /* TransitionFromFirstToSecond.m */,
				8B3CC16D1C3E4EBD0071F6E5 /* QQMusicViewController.h */,
				8B3CC16E1C3E4EBD0071F6E5 /* QQMusicViewController.m */,
				8B3CC16F1C3E4EBD0071F6E5 /* QQMusicViewController.xib */,
				8B3CC1721C3E4F1C0071F6E5 /* InfoViewController.h */,
				8B3CC1731C3E4F1C0071F6E5 /* InfoViewController.m */,
			);
			name = "学习彦祖qq音乐转场动画";
			sourceTree = "<group>";
		};
		8B3CC16C1C3E4DE40071F6E5 /* 点击显示扩散动画 */ = {
			isa = PBXGroup;
			children = (
				8B3A2C0B1C3CEB39001F4E93 /* CircleSpreadTransition.h */,
				8B3A2C0C1C3CEB39001F4E93 /* CircleSpreadTransition.m */,
			);
			name = "点击显示扩散动画";
			sourceTree = "<group>";
		};
		8B3CC1861C3E66B30071F6E5 /* 点击漂移转场 */ = {
			isa = PBXGroup;
			children = (
				8B3CC18A1C3E68FC0071F6E5 /* File.rtf */,
			);
			name = "点击漂移转场";
			path = ..;
			sourceTree = "<group>";
		};
		8B3CC1871C3E678E0071F6E5 /* 3D转场 */ = {
			isa = PBXGroup;
			children = (
				8B3CC1881C3E67A30071F6E5 /* 3d.rtfd */,
				8B3CC1941C3E6A6D0071F6E5 /* Transition3DViewController.h */,
				8B3CC1951C3E6A6D0071F6E5 /* Transition3DViewController.m */,
				8B3CC1961C3E6A6D0071F6E5 /* Transition3DViewController.xib */,
				8B3CC1991C3E6A9C0071F6E5 /* TwoTransitionViewController.h */,
				8B3CC19A1C3E6A9C0071F6E5 /* TwoTransitionViewController.m */,
				8B3CC19B1C3E6A9C0071F6E5 /* TwoTransitionViewController.xib */,
				8B00190D1C44CE7900805B5D /* Transion3DPush.h */,
				8B00190E1C44CE7900805B5D /* Transion3DPush.m */,
				8B0019101C44CE8600805B5D /* Transion3DDiss.h */,
				8B0019111C44CE8600805B5D /* Transion3DDiss.m */,
				8B0019131C44D51800805B5D /* DissInteractiveTransition.h */,
				8B0019141C44D51800805B5D /* DissInteractiveTransition.m */,
			);
			name = "3D转场";
			sourceTree = "<group>";
		};
		8B3CC18C1C3E69200071F6E5 /* 点击漂移转场 */ = {
			isa = PBXGroup;
			children = (
				8B3CC18D1C3E69310071F6E5 /* 漂移.rtfd */,
			);
			name = "点击漂移转场";
			sourceTree = "<group>";
		};
		8B3CC19E1C3E6BED0071F6E5 /* 点击圆形转场 */ = {
			isa = PBXGroup;
			children = (
				8B3CC19F1C3E6C080071F6E5 /* 点击圆形转场.rtf */,
			);
			name = "点击圆形转场";
			sourceTree = "<group>";
		};
		8B3CC1A11C3E6D5C0071F6E5 /* Source */ = {
			isa = PBXGroup;
			children = (
				8B4F9DAD1C58A68E00F552D7 /* Sun.png */,
				8B4F9D671C561BF300F552D7 /* snow.jpg */,
				8B3CC1A21C3E6D5C0071F6E5 /* 1.jpg */,
				8B3CC1A31C3E6D5C0071F6E5 /* 2.jpg */,
				8B3CC1A41C3E6D5C0071F6E5 /* 3.jpg */,
				8B3CC1A51C3E6D5C0071F6E5 /* 4.jpg */,
				8B3CC1A61C3E6D5C0071F6E5 /* 5.jpg */,
				8B3CC1A71C3E6D5C0071F6E5 /* 6.jpg */,
				8B3CC1A81C3E6D5C0071F6E5 /* 7.jpg */,
				8B3CC1A91C3E6D5C0071F6E5 /* 8.jpg */,
				8B3CC1AA1C3E6D5C0071F6E5 /* 9.jpg */,
			);
			name = Source;
			path = source;
			sourceTree = "<group>";
		};
		8B4F9D9E1C58544400F552D7 /* light太阳运行动画 */ = {
			isa = PBXGroup;
			children = (
				8B4F9D9F1C58548800F552D7 /* LightSunViewController.h */,
				8B4F9DA01C58548800F552D7 /* LightSunViewController.m */,
				8B4F9DA11C58548800F552D7 /* LightSunViewController.xib */,
				8B4F9DA41C58552100F552D7 /* RoundAnimationView.h */,
				8B4F9DA51C58552100F552D7 /* RoundAnimationView.m */,
				8B4F9DAA1C58564700F552D7 /* RoundView.h */,
				8B4F9DAB1C58564700F552D7 /* RoundView.m */,
				8B4F9DA71C58556C00F552D7 /* SunMoonView.h */,
				8B4F9DA81C58556C00F552D7 /* SunMoonView.m */,
			);
			name = "light太阳运行动画";
			sourceTree = "<group>";
		};
		8B89BF1D1C51BA8D00E66F0D /* Light下拉首页图片变形 */ = {
			isa = PBXGroup;
			children = (
				8B89BF281C51C0D700E66F0D /* MBTwitterScroll */,
				8B89BF1E1C51BAB600E66F0D /* Light下拉首页图片变形.rtf */,
				8B89BF251C51BB5800E66F0D /* PullTableViewController.h */,
				8B89BF261C51BB5800E66F0D /* PullTableViewController.m */,
				8B4F9D641C55C63A00F552D7 /* BannnerMaskView.h */,
				8B4F9D651C55C63A00F552D7 /* BannnerMaskView.m */,
				8B4F9D6C1C57407E00F552D7 /* LightHomeBasePage.h */,
				8B4F9D6D1C57407E00F552D7 /* LightHomeBasePage.m */,
				8B4F9D6F1C5746BC00F552D7 /* BannerImageView.h */,
				8B4F9D701C5746BC00F552D7 /* BannerImageView.m */,
			);
			name = "Light下拉首页图片变形";
			sourceTree = "<group>";
		};
		8B89BF281C51C0D700E66F0D /* MBTwitterScroll */ = {
			isa = PBXGroup;
			children = (
				8B89BF291C51C0D700E66F0D /* MBTwitterScroll.h */,
				8B89BF2A1C51C0D700E66F0D /* MBTwitterScroll.m */,
				8B89BF2B1C51C0D700E66F0D /* TwitterCover */,
			);
			path = MBTwitterScroll;
			sourceTree = "<group>";
		};
		8B89BF2B1C51C0D700E66F0D /* TwitterCover */ = {
			isa = PBXGroup;
			children = (
				8B89BF2C1C51C0D700E66F0D /* UIScrollView+TwitterCover.h */,
				8B89BF2D1C51C0D700E66F0D /* UIScrollView+TwitterCover.m */,
			);
			path = TwitterCover;
			sourceTree = "<group>";
		};
		8BA0F6EE1C90018500F735F3 /* 仪表盘 */ = {
			isa = PBXGroup;
			children = (
				8BA0F6EF1C9001A100F735F3 /* 仪表盘.rtf */,
				8BA0F6F11C90022F00F735F3 /* DashBoardViewController.h */,
				8BA0F6F21C90022F00F735F3 /* DashBoardViewController.m */,
				8BA0F6F31C90022F00F735F3 /* DashBoardViewController.xib */,
				8BA0F6F61C900FAA00F735F3 /* PanelView.h */,
				8BA0F6F71C900FAA00F735F3 /* PanelView.m */,
			);
			name = "仪表盘";
			sourceTree = "<group>";
		};
		8BF8F0B61C3F543300C9B9FB /* 另一种画线方式 */ = {
			isa = PBXGroup;
			children = (
				8BF8F0B71C3F545000C9B9FB /* 另一种画线方式.rtf */,
				8BF8F0B91C3F54E100C9B9FB /* OtherDrawLineViewController.h */,
				8BF8F0BA1C3F54E100C9B9FB /* OtherDrawLineViewController.m */,
				8BF8F0BB1C3F54E100C9B9FB /* OtherDrawLineViewController.xib */,
				8BF8F0C01C3F5BA500C9B9FB /* BaseEditView.h */,
				8BF8F0C11C3F5BA500C9B9FB /* BaseEditView.m */,
				8BF8F0C61C3F605800C9B9FB /* DrawLineView.h */,
				8BF8F0C71C3F605800C9B9FB /* DrawLineView.m */,
				8BF8F0CC1C3F88C800C9B9FB /* DrawBezierPath.h */,
				8BF8F0CD1C3F88C800C9B9FB /* DrawBezierPath.m */,
			);
			name = "另一种画线方式";
			sourceTree = "<group>";
		};
		8BF97B4C1CA4DEDA004C76A6 /* UICollectionView */ = {
			isa = PBXGroup;
			children = (
				8B1601E11CAA780B009A13CF /* RACollectionViewReorderableTripletLayout */,
				8BF97B4D1CA4DF19004C76A6 /* MenuTableViewController.h */,
				8BF97B4E1CA4DF19004C76A6 /* MenuTableViewController.m */,
				8BF97B4F1CA4DF19004C76A6 /* YunisCollectionViewController.h */,
				8BF97B501CA4DF19004C76A6 /* YunisCollectionViewController.m */,
				8B1601E81CAB6583009A13CF /* Testname.h */,
				8B1601E91CAB6583009A13CF /* Testname.m */,
				8BF97B511CA4DF19004C76A6 /* YunisLayout.h */,
				8BF97B521CA4DF19004C76A6 /* YunisLayout.m */,
				8BF97B531CA4DF19004C76A6 /* YunisCollectionViewCell.h */,
				8BF97B541CA4DF19004C76A6 /* YunisCollectionViewCell.m */,
				8BF97B551CA4DF19004C76A6 /* YunisCollectionViewCell.xib */,
				8B1601D11CAA6488009A13CF /* YunisLearnViewController.h */,
				8B1601D21CAA6488009A13CF /* YunisLearnViewController.m */,
				8B1601D31CAA6488009A13CF /* YunisLearnViewController.xib */,
				8B1601D61CAA64CC009A13CF /* YunisCollectionLayout.h */,
				8B1601D71CAA64CC009A13CF /* YunisCollectionLayout.m */,
				8B1601EB1CAB6B9C009A13CF /* ModuleLayoutAttributes.h */,
				8B1601EC1CAB6B9C009A13CF /* ModuleLayoutAttributes.m */,
				8B1601DE1CAA6E21009A13CF /* TestFlowLayout.h */,
				8B1601DF1CAA6E21009A13CF /* TestFlowLayout.m */,
				8B1601D91CAA6524009A13CF /* TestCollectionViewCell.h */,
				8B1601DA1CAA6524009A13CF /* TestCollectionViewCell.m */,
				8B1601DB1CAA6524009A13CF /* TestCollectionViewCell.xib */,
			);
			name = UICollectionView;
			sourceTree = "<group>";
		};
/* End PBXGroup section */

/* Begin PBXNativeTarget section */
		8B3A2BEF1C3CE85E001F4E93 /* YunisLearnAnimation */ = {
			isa = PBXNativeTarget;
			buildConfigurationList = 8B3A2C071C3CE85E001F4E93 /* Build configuration list for PBXNativeTarget "YunisLearnAnimation" */;
			buildPhases = (
				8B3A2BEC1C3CE85E001F4E93 /* Sources */,
				8B3A2BED1C3CE85E001F4E93 /* Frameworks */,
				8B3A2BEE1C3CE85E001F4E93 /* Resources */,
			);
			buildRules = (
			);
			dependencies = (
			);
			name = YunisLearnAnimation;
			productName = YunisLearnAnimation;
			productReference = 8B3A2BF01C3CE85E001F4E93 /* YunisLearnAnimation.app */;
			productType = "com.apple.product-type.application";
		};
/* End PBXNativeTarget section */

/* Begin PBXProject section */
		8B3A2BE81C3CE85E001F4E93 /* Project object */ = {
			isa = PBXProject;
			attributes = {
				LastUpgradeCheck = 0700;
				ORGANIZATIONNAME = yunis;
				TargetAttributes = {
					8B3A2BEF1C3CE85E001F4E93 = {
						CreatedOnToolsVersion = 7.0.1;
						DevelopmentTeam = ZVKH8758TK;
					};
				};
			};
			buildConfigurationList = 8B3A2BEB1C3CE85E001F4E93 /* Build configuration list for PBXProject "YunisLearnAnimation" */;
			compatibilityVersion = "Xcode 3.2";
			developmentRegion = English;
			hasScannedForEncodings = 0;
			knownRegions = (
				en,
				Base,
			);
			mainGroup = 8B3A2BE71C3CE85E001F4E93;
			productRefGroup = 8B3A2BF11C3CE85E001F4E93 /* Products */;
			projectDirPath = "";
			projectRoot = "";
			targets = (
				8B3A2BEF1C3CE85E001F4E93 /* YunisLearnAnimation */,
			);
		};
/* End PBXProject section */

/* Begin PBXResourcesBuildPhase section */
		8B3A2BEE1C3CE85E001F4E93 /* Resources */ = {
			isa = PBXResourcesBuildPhase;
			buildActionMask = 2147483647;
			files = (
				8B3CC1B01C3E6D5C0071F6E5 /* 6.jpg in Resources */,
				8B1601D51CAA6488009A13CF /* YunisLearnViewController.xib in Resources */,
				8BF8F0BD1C3F54E100C9B9FB /* OtherDrawLineViewController.xib in Resources */,
				8B3CC19D1C3E6A9C0071F6E5 /* TwoTransitionViewController.xib in Resources */,
				8B3CC1AF1C3E6D5C0071F6E5 /* 5.jpg in Resources */,
				8B3CC1981C3E6A6D0071F6E5 /* Transition3DViewController.xib in Resources */,
				8BF97B5A1CA4DF19004C76A6 /* YunisCollectionViewCell.xib in Resources */,
				8B3173C11C4CD1F300DC634B /* YXBJCollectionViewCell.xib in Resources */,
				8B3CC1891C3E67A30071F6E5 /* 3d.rtfd in Resources */,
				8B3173E41C4E184A00DC634B /* BanTangViewController.xib in Resources */,
				8B1601DD1CAA6524009A13CF /* TestCollectionViewCell.xib in Resources */,
				8B3A2C031C3CE85E001F4E93 /* LaunchScreen.storyboard in Resources */,
				8B89BF1F1C51BAB600E66F0D /* Light下拉首页图片变形.rtf in Resources */,
				8B3CC1711C3E4EBD0071F6E5 /* QQMusicViewController.xib in Resources */,
				8B3CC1AC1C3E6D5C0071F6E5 /* 2.jpg in Resources */,
				8B3CC1AE1C3E6D5C0071F6E5 /* 4.jpg in Resources */,
				8B3173DF1C4E17F700DC634B /* 半糖动画效果.rtf in Resources */,
				8B3CC1AB1C3E6D5C0071F6E5 /* 1.jpg in Resources */,
				8B3CC18B1C3E68FC0071F6E5 /* File.rtf in Resources */,
				8B3CC1B11C3E6D5C0071F6E5 /* 7.jpg in Resources */,
				8B3A2C181C3D0832001F4E93 /* wuyanzu.jpg in Resources */,
				8B3CC1AD1C3E6D5C0071F6E5 /* 3.jpg in Resources */,
				8BA0F6F51C90022F00F735F3 /* DashBoardViewController.xib in Resources */,
				8B3A2C161C3D0062001F4E93 /* FollowWuYanZhu.xib in Resources */,
				8B3CC1831C3E601B0071F6E5 /* File in Resources */,
				8BF97B5C1CA53433004C76A6 /* WillWork.rtf in Resources */,
				8B3CC1851C3E60D80071F6E5 /* 动画思路.rtf in Resources */,
				8B4F9D681C561BF300F552D7 /* snow.jpg in Resources */,
				8B3CC1B21C3E6D5C0071F6E5 /* 8.jpg in Resources */,
				8B3A2C001C3CE85E001F4E93 /* Assets.xcassets in Resources */,
				8B3173B61C4CCB7000DC634B /* 印象笔记动画效果OC版本.rtf in Resources */,
				8B3173C91C4CD56500DC634B /* NewYXBJDetailViewController.xib in Resources */,
				8BA0F6F01C9001A100F735F3 /* 仪表盘.rtf in Resources */,
				8BF8F0BF1C3F564C00C9B9FB /* 学习彦祖类似购物车动画.rtf in Resources */,
				8B3CC1A01C3E6C080071F6E5 /* 点击圆形转场.rtf in Resources */,
				8B3CC18E1C3E69310071F6E5 /* 漂移.rtfd in Resources */,
				8B4F9DAE1C58A68E00F552D7 /* Sun.png in Resources */,
				8B4F9DA31C58548800F552D7 /* LightSunViewController.xib in Resources */,
				8B3CC1B31C3E6D5C0071F6E5 /* 9.jpg in Resources */,
				8B3173E61C4E3B8300DC634B /* 断断续续需要看的东西.rtfd in Resources */,
				78A520DB1C3DB12200D8F8A5 /* DrawLineViewController.xib in Resources */,
				8B3A2BFE1C3CE85E001F4E93 /* Main.storyboard in Resources */,
				8B0019601C476D0700805B5D /* SystemAnimationViewController.xib in Resources */,
				8BF8F0B81C3F545000C9B9FB /* 另一种画线方式.rtf in Resources */,
			);
			runOnlyForDeploymentPostprocessing = 0;
		};
/* End PBXResourcesBuildPhase section */

/* Begin PBXSourcesBuildPhase section */
		8B3A2BEC1C3CE85E001F4E93 /* Sources */ = {
			isa = PBXSourcesBuildPhase;
			buildActionMask = 2147483647;
			files = (
				8B00190F1C44CE7900805B5D /* Transion3DPush.m in Sources */,
				8B3173C41C4CD22500DC634B /* YXBJTransition.m in Sources */,
				8B1601EA1CAB6584009A13CF /* Testname.m in Sources */,
				8BF8F0C21C3F5BA500C9B9FB /* BaseEditView.m in Sources */,
				8B3173BC1C4CCCA400DC634B /* YXBJCellLayout.m in Sources */,
				8B1601DC1CAA6524009A13CF /* TestCollectionViewCell.m in Sources */,
				8B3173D31C4DC51800DC634B /* YunisAlertViewController.m in Sources */,
				8B89BF2E1C51C0D700E66F0D /* MBTwitterScroll.m in Sources */,
				8B0019121C44CE8600805B5D /* Transion3DDiss.m in Sources */,
				8B1601E71CAA780B009A13CF /* RACollectionViewTripletLayout.m in Sources */,
				8B3CC19C1C3E6A9C0071F6E5 /* TwoTransitionViewController.m in Sources */,
				78A520FC1C3DB52600D8F8A5 /* MASViewConstraint.m in Sources */,
				78A520DA1C3DB12200D8F8A5 /* DrawLineViewController.m in Sources */,
				8BF8F0C51C3F5F7300C9B9FB /* UIView+Controller.m in Sources */,
				8B1601ED1CAB6B9C009A13CF /* ModuleLayoutAttributes.m in Sources */,
				78A520FB1C3DB52600D8F8A5 /* MASViewAttribute.m in Sources */,
				8B3CC1971C3E6A6D0071F6E5 /* Transition3DViewController.m in Sources */,
				8B4F9D6E1C57407E00F552D7 /* LightHomeBasePage.m in Sources */,
				78A520DE1C3DB4DE00D8F8A5 /* DramVIew.m in Sources */,
				8B3CC15D1C3E34CA0071F6E5 /* UITableView+emptyView.m in Sources */,
				8B3173E31C4E184A00DC634B /* BanTangViewController.m in Sources */,
				8BA0F6F81C900FAA00F735F3 /* PanelView.m in Sources */,
				8B3CC17C1C3E508E0071F6E5 /* TransitionFromFirstToSecond.m in Sources */,
				8BF97B591CA4DF19004C76A6 /* YunisCollectionViewCell.m in Sources */,
				8B4F9DA91C58556C00F552D7 /* SunMoonView.m in Sources */,
				8B3A2BFB1C3CE85E001F4E93 /* ViewController.m in Sources */,
				8B3A2BF81C3CE85E001F4E93 /* AppDelegate.m in Sources */,
				8BF97B561CA4DF19004C76A6 /* MenuTableViewController.m in Sources */,
				8B4F9D661C55C63A00F552D7 /* BannnerMaskView.m in Sources */,
				8B00195F1C476D0700805B5D /* SystemAnimationViewController.m in Sources */,
				8B1601E61CAA780B009A13CF /* RACollectionViewReorderableTripletLayout.m in Sources */,
				78A520F71C3DB52600D8F8A5 /* MASCompositeConstraint.m in Sources */,
				8B3173C01C4CD1F300DC634B /* YXBJCollectionViewCell.m in Sources */,
				8B1601E01CAA6E21009A13CF /* TestFlowLayout.m in Sources */,
				8B1601D81CAA64CC009A13CF /* YunisCollectionLayout.m in Sources */,
				8B00195A1C4741F300805B5D /* ManageTransitionAnimation.m in Sources */,
				8B3173D01C4DC0B500DC634B /* YunisTopShowHUD.m in Sources */,
				8B89BF321C51D7C600E66F0D /* UIView+layer.m in Sources */,
				8B3173DC1C4E0D5600DC634B /* UIImageView+Reflect.m in Sources */,
				78A520F91C3DB52600D8F8A5 /* MASConstraintMaker.m in Sources */,
				8BA0F6F41C90022F00F735F3 /* DashBoardViewController.m in Sources */,
				8BF8F0B51C3F3B1A00C9B9FB /* BaseTransitionObject.m in Sources */,
				8B3CC1601C3E38920071F6E5 /* UITableViewCell+hideSeparatorLeftInset.m in Sources */,
				8BF97B581CA4DF19004C76A6 /* YunisLayout.m in Sources */,
				8B0019151C44D51800805B5D /* DissInteractiveTransition.m in Sources */,
				8B3CC17B1C3E508E0071F6E5 /* TransitionFromSecondToFirst.m in Sources */,
				8B89BF371C5217BA00E66F0D /* CircleInfo.m in Sources */,
				8B4F9DA21C58548800F552D7 /* LightSunViewController.m in Sources */,
				8B17D4871D1BC93E002EC093 /* GroupViewController.m in Sources */,
				8BF8F0BC1C3F54E100C9B9FB /* OtherDrawLineViewController.m in Sources */,
				8B3173C81C4CD56500DC634B /* NewYXBJDetailViewController.m in Sources */,
				78A520FF1C3DB52600D8F8A5 /* View+MASAdditions.m in Sources */,
				8BF8F0CE1C3F88C800C9B9FB /* DrawBezierPath.m in Sources */,
				78A520FA1C3DB52600D8F8A5 /* MASLayoutConstraint.m in Sources */,
				8B3CC1701C3E4EBD0071F6E5 /* QQMusicViewController.m in Sources */,
				8B3CC16A1C3E47480071F6E5 /* Line.m in Sources */,
				8B4F9DAC1C58564700F552D7 /* RoundView.m in Sources */,
				8B3173B91C4CCBED00DC634B /* YinXiangBiJiViewController.m in Sources */,
				78A520F81C3DB52600D8F8A5 /* MASConstraint.m in Sources */,
				8B89BF271C51BB5800E66F0D /* PullTableViewController.m in Sources */,
				8B3A2C1B1C3D0CC9001F4E93 /* TBAnimationButton.m in Sources */,
				8B3173D91C4E032400DC634B /* YunisAlertTitleView.m in Sources */,
				8BF8F0C81C3F605800C9B9FB /* DrawLineView.m in Sources */,
				8B3CC1631C3E38B20071F6E5 /* UITableView+hideSeparatorLeftInset.m in Sources */,
				8B3A2BF51C3CE85E001F4E93 /* main.m in Sources */,
				8B4F9DA61C58552100F552D7 /* RoundAnimationView.m in Sources */,
				8B89BF2F1C51C0D700E66F0D /* UIScrollView+TwitterCover.m in Sources */,
				8B3CC17F1C3E53E20071F6E5 /* UIView+snapshot.m in Sources */,
				78A520FD1C3DB52600D8F8A5 /* NSArray+MASAdditions.m in Sources */,
				78A520FE1C3DB52600D8F8A5 /* NSLayoutConstraint+MASDebugAdditions.m in Sources */,
				8B1601D41CAA6488009A13CF /* YunisLearnViewController.m in Sources */,
				78A521031C3DB6F600D8F8A5 /* DrawSettingView.m in Sources */,
				8B3A2C111C3CF7AC001F4E93 /* UIColor+randomColor.m in Sources */,
				8B3A2C0D1C3CEB39001F4E93 /* CircleSpreadTransition.m in Sources */,
				8B3CC1751C3E4F1C0071F6E5 /* InfoViewController.m in Sources */,
				8B3173CC1C4CE9F000DC634B /* YunisLearnDynamicFlowLayout.m in Sources */,
				8BF97B571CA4DF19004C76A6 /* YunisCollectionViewController.m in Sources */,
				8B3A2C151C3D0062001F4E93 /* FollowWuYanZhu.m in Sources */,
				8BF8F0CB1C3F636B00C9B9FB /* UIButton+block.m in Sources */,
				8B3173D61C4DC7D200DC634B /* UIImage+ImageEffects.m in Sources */,
				8B4F9D711C5746BC00F552D7 /* BannerImageView.m in Sources */,
			);
			runOnlyForDeploymentPostprocessing = 0;
		};
/* End PBXSourcesBuildPhase section */

/* Begin PBXVariantGroup section */
		8B3A2BFC1C3CE85E001F4E93 /* Main.storyboard */ = {
			isa = PBXVariantGroup;
			children = (
				8B3A2BFD1C3CE85E001F4E93 /* Base */,
			);
			name = Main.storyboard;
			sourceTree = "<group>";
		};
		8B3A2C011C3CE85E001F4E93 /* LaunchScreen.storyboard */ = {
			isa = PBXVariantGroup;
			children = (
				8B3A2C021C3CE85E001F4E93 /* Base */,
			);
			name = LaunchScreen.storyboard;
			sourceTree = "<group>";
		};
/* End PBXVariantGroup section */

/* Begin XCBuildConfiguration section */
		8B3A2C051C3CE85E001F4E93 /* Debug */ = {
			isa = XCBuildConfiguration;
			buildSettings = {
				ALWAYS_SEARCH_USER_PATHS = NO;
				CLANG_CXX_LANGUAGE_STANDARD = "gnu++0x";
				CLANG_CXX_LIBRARY = "libc++";
				CLANG_ENABLE_MODULES = YES;
				CLANG_ENABLE_OBJC_ARC = YES;
				CLANG_WARN_BOOL_CONVERSION = YES;
				CLANG_WARN_CONSTANT_CONVERSION = YES;
				CLANG_WARN_DIRECT_OBJC_ISA_USAGE = YES_ERROR;
				CLANG_WARN_EMPTY_BODY = YES;
				CLANG_WARN_ENUM_CONVERSION = YES;
				CLANG_WARN_INT_CONVERSION = YES;
				CLANG_WARN_OBJC_ROOT_CLASS = YES_ERROR;
				CLANG_WARN_UNREACHABLE_CODE = YES;
				CLANG_WARN__DUPLICATE_METHOD_MATCH = YES;
				"CODE_SIGN_IDENTITY[sdk=iphoneos*]" = "iPhone Developer";
				COPY_PHASE_STRIP = NO;
				DEBUG_INFORMATION_FORMAT = dwarf;
				ENABLE_STRICT_OBJC_MSGSEND = YES;
				ENABLE_TESTABILITY = YES;
				GCC_C_LANGUAGE_STANDARD = gnu99;
				GCC_DYNAMIC_NO_PIC = NO;
				GCC_NO_COMMON_BLOCKS = YES;
				GCC_OPTIMIZATION_LEVEL = 0;
				GCC_PREPROCESSOR_DEFINITIONS = (
					"DEBUG=1",
					"$(inherited)",
				);
				GCC_WARN_64_TO_32_BIT_CONVERSION = YES;
				GCC_WARN_ABOUT_RETURN_TYPE = YES_ERROR;
				GCC_WARN_UNDECLARED_SELECTOR = YES;
				GCC_WARN_UNINITIALIZED_AUTOS = YES_AGGRESSIVE;
				GCC_WARN_UNUSED_FUNCTION = YES;
				GCC_WARN_UNUSED_VARIABLE = YES;
				IPHONEOS_DEPLOYMENT_TARGET = 9.0;
				MTL_ENABLE_DEBUG_INFO = YES;
				ONLY_ACTIVE_ARCH = YES;
				SDKROOT = iphoneos;
			};
			name = Debug;
		};
		8B3A2C061C3CE85E001F4E93 /* Release */ = {
			isa = XCBuildConfiguration;
			buildSettings = {
				ALWAYS_SEARCH_USER_PATHS = NO;
				CLANG_CXX_LANGUAGE_STANDARD = "gnu++0x";
				CLANG_CXX_LIBRARY = "libc++";
				CLANG_ENABLE_MODULES = YES;
				CLANG_ENABLE_OBJC_ARC = YES;
				CLANG_WARN_BOOL_CONVERSION = YES;
				CLANG_WARN_CONSTANT_CONVERSION = YES;
				CLANG_WARN_DIRECT_OBJC_ISA_USAGE = YES_ERROR;
				CLANG_WARN_EMPTY_BODY = YES;
				CLANG_WARN_ENUM_CONVERSION = YES;
				CLANG_WARN_INT_CONVERSION = YES;
				CLANG_WARN_OBJC_ROOT_CLASS = YES_ERROR;
				CLANG_WARN_UNREACHABLE_CODE = YES;
				CLANG_WARN__DUPLICATE_METHOD_MATCH = YES;
				"CODE_SIGN_IDENTITY[sdk=iphoneos*]" = "iPhone Developer";
				COPY_PHASE_STRIP = NO;
				DEBUG_INFORMATION_FORMAT = "dwarf-with-dsym";
				ENABLE_NS_ASSERTIONS = NO;
				ENABLE_STRICT_OBJC_MSGSEND = YES;
				GCC_C_LANGUAGE_STANDARD = gnu99;
				GCC_NO_COMMON_BLOCKS = YES;
				GCC_WARN_64_TO_32_BIT_CONVERSION = YES;
				GCC_WARN_ABOUT_RETURN_TYPE = YES_ERROR;
				GCC_WARN_UNDECLARED_SELECTOR = YES;
				GCC_WARN_UNINITIALIZED_AUTOS = YES_AGGRESSIVE;
				GCC_WARN_UNUSED_FUNCTION = YES;
				GCC_WARN_UNUSED_VARIABLE = YES;
				IPHONEOS_DEPLOYMENT_TARGET = 9.0;
				MTL_ENABLE_DEBUG_INFO = NO;
				SDKROOT = iphoneos;
				VALIDATE_PRODUCT = YES;
			};
			name = Release;
		};
		8B3A2C081C3CE85E001F4E93 /* Debug */ = {
			isa = XCBuildConfiguration;
			buildSettings = {
				ASSETCATALOG_COMPILER_APPICON_NAME = AppIcon;
				CODE_SIGN_IDENTITY = "iPhone Developer";
				GCC_INCREASE_PRECOMPILED_HEADER_SHARING = NO;
				GCC_PREFIX_HEADER = "$(SRCROOT)/YunisLearnAnimation/YunisPch.pch";
				INFOPLIST_FILE = YunisLearnAnimation/Info.plist;
				LD_RUNPATH_SEARCH_PATHS = "$(inherited) @executable_path/Frameworks";
				PRODUCT_BUNDLE_IDENTIFIER = com.yunis.YunisLearnAnimation;
				PRODUCT_NAME = "$(TARGET_NAME)";
			};
			name = Debug;
		};
		8B3A2C091C3CE85E001F4E93 /* Release */ = {
			isa = XCBuildConfiguration;
			buildSettings = {
				ASSETCATALOG_COMPILER_APPICON_NAME = AppIcon;
				CODE_SIGN_IDENTITY = "iPhone Developer";
				GCC_INCREASE_PRECOMPILED_HEADER_SHARING = NO;
				GCC_PREFIX_HEADER = "$(SRCROOT)/YunisLearnAnimation/YunisPch.pch";
				INFOPLIST_FILE = YunisLearnAnimation/Info.plist;
				LD_RUNPATH_SEARCH_PATHS = "$(inherited) @executable_path/Frameworks";
				PRODUCT_BUNDLE_IDENTIFIER = com.yunis.YunisLearnAnimation;
				PRODUCT_NAME = "$(TARGET_NAME)";
			};
			name = Release;
		};
/* End XCBuildConfiguration section */

/* Begin XCConfigurationList section */
		8B3A2BEB1C3CE85E001F4E93 /* Build configuration list for PBXProject "YunisLearnAnimation" */ = {
			isa = XCConfigurationList;
			buildConfigurations = (
				8B3A2C051C3CE85E001F4E93 /* Debug */,
				8B3A2C061C3CE85E001F4E93 /* Release */,
			);
			defaultConfigurationIsVisible = 0;
			defaultConfigurationName = Release;
		};
		8B3A2C071C3CE85E001F4E93 /* Build configuration list for PBXNativeTarget "YunisLearnAnimation" */ = {
			isa = XCConfigurationList;
			buildConfigurations = (
				8B3A2C081C3CE85E001F4E93 /* Debug */,
				8B3A2C091C3CE85E001F4E93 /* Release */,
			);
			defaultConfigurationIsVisible = 0;
			defaultConfigurationName = Release;
		};
/* End XCConfigurationList section */
	};
	rootObject = 8B3A2BE81C3CE85E001F4E93 /* Project object */;
}
